// !$*UTF8*$!
{
	archiveVersion = 1;
	classes = {
	};
	objectVersion = 51;
	objects = {

/* Begin PBXBuildFile section */
		17454144EEDB79BBD686799B /* Pods_Launchtrip.framework in Frameworks */ = {isa = PBXBuildFile; fileRef = A0E26788E4617140D065003B /* Pods_Launchtrip.framework */; };
		50101DC022CF8D5600661531 /* Images.swift in Sources */ = {isa = PBXBuildFile; fileRef = 50101DBF22CF8D5600661531 /* Images.swift */; };
		5040ACD522C3E975000F73E4 /* AppDelegate.swift in Sources */ = {isa = PBXBuildFile; fileRef = 5040ACD422C3E975000F73E4 /* AppDelegate.swift */; };
		5040ACDA22C3E975000F73E4 /* Main.storyboard in Resources */ = {isa = PBXBuildFile; fileRef = 5040ACD822C3E975000F73E4 /* Main.storyboard */; };
		5040ACDC22C3E977000F73E4 /* Assets.xcassets in Resources */ = {isa = PBXBuildFile; fileRef = 5040ACDB22C3E977000F73E4 /* Assets.xcassets */; };
		5040ACDF22C3E977000F73E4 /* LaunchScreen.storyboard in Resources */ = {isa = PBXBuildFile; fileRef = 5040ACDD22C3E977000F73E4 /* LaunchScreen.storyboard */; };
		5040ACEA22C3E977000F73E4 /* LaunchtripTests.swift in Sources */ = {isa = PBXBuildFile; fileRef = 5040ACE922C3E977000F73E4 /* LaunchtripTests.swift */; };
		5040ACF522C3E977000F73E4 /* LaunchtripUITests.swift in Sources */ = {isa = PBXBuildFile; fileRef = 5040ACF422C3E977000F73E4 /* LaunchtripUITests.swift */; };
		50472EA4231BB24A002F3A59 /* AirbnbHomeDetailController.swift in Sources */ = {isa = PBXBuildFile; fileRef = 50472E84231BB24A002F3A59 /* AirbnbHomeDetailController.swift */; };
		50472EA5231BB24A002F3A59 /* AirbnbExploreController.swift in Sources */ = {isa = PBXBuildFile; fileRef = 50472E85231BB24A002F3A59 /* AirbnbExploreController.swift */; };
		50472EA6231BB24A002F3A59 /* AirbnbMainController.swift in Sources */ = {isa = PBXBuildFile; fileRef = 50472E86231BB24A002F3A59 /* AirbnbMainController.swift */; };
		50472EA7231BB24A002F3A59 /* BaseCollectionCell.swift in Sources */ = {isa = PBXBuildFile; fileRef = 50472E87231BB24A002F3A59 /* BaseCollectionCell.swift */; };
		50472EA8231BB24A002F3A59 /* AirbnbReview.swift in Sources */ = {isa = PBXBuildFile; fileRef = 50472E88231BB24A002F3A59 /* AirbnbReview.swift */; };
		50472EA9231BB24A002F3A59 /* BaseTableController.swift in Sources */ = {isa = PBXBuildFile; fileRef = 50472E89231BB24A002F3A59 /* BaseTableController.swift */; };
		50472EAA231BB24A002F3A59 /* UIColor.swift in Sources */ = {isa = PBXBuildFile; fileRef = 50472E8A231BB24A002F3A59 /* UIColor.swift */; };
		50472EAB231BB24A002F3A59 /* AirbnbContentCategory.swift in Sources */ = {isa = PBXBuildFile; fileRef = 50472E8B231BB24A002F3A59 /* AirbnbContentCategory.swift */; };
		50472EAC231BB24A002F3A59 /* AirbnbHome.swift in Sources */ = {isa = PBXBuildFile; fileRef = 50472E8C231BB24A002F3A59 /* AirbnbHome.swift */; };
		50472EAD231BB24A002F3A59 /* UITabBar.swift in Sources */ = {isa = PBXBuildFile; fileRef = 50472E8D231BB24A002F3A59 /* UITabBar.swift */; };
		50472EAE231BB24A002F3A59 /* BasePageTabItemView.swift in Sources */ = {isa = PBXBuildFile; fileRef = 50472E8E231BB24A002F3A59 /* BasePageTabItemView.swift */; };
		50472EAF231BB24A002F3A59 /* ImageShrinkAnimationController.swift in Sources */ = {isa = PBXBuildFile; fileRef = 50472E8F231BB24A002F3A59 /* ImageShrinkAnimationController.swift */; };
		50472EB0231BB24A002F3A59 /* AirbnbMapItemCell.swift in Sources */ = {isa = PBXBuildFile; fileRef = 50472E90231BB24A002F3A59 /* AirbnbMapItemCell.swift */; };
		50472EB1231BB24A002F3A59 /* VerticalAlignLabel.swift in Sources */ = {isa = PBXBuildFile; fileRef = 50472E91231BB24A002F3A59 /* VerticalAlignLabel.swift */; };
		50472EB2231BB24A002F3A59 /* AirbnbMapController.swift in Sources */ = {isa = PBXBuildFile; fileRef = 50472E92231BB24A002F3A59 /* AirbnbMapController.swift */; };
		50472EB3231BB24A002F3A59 /* AirbnbHomeItemCell.swift in Sources */ = {isa = PBXBuildFile; fileRef = 50472E93231BB24A002F3A59 /* AirbnbHomeItemCell.swift */; };
		50472EB4231BB24A002F3A59 /* AirbnbContentThumbnail.swift in Sources */ = {isa = PBXBuildFile; fileRef = 50472E94231BB24A002F3A59 /* AirbnbContentThumbnail.swift */; };
		50472EB5231BB24A002F3A59 /* BaseTableCell.swift in Sources */ = {isa = PBXBuildFile; fileRef = 50472E95231BB24A002F3A59 /* BaseTableCell.swift */; };
		50472EB6231BB24A002F3A59 /* ImageExpandAnimationController.swift in Sources */ = {isa = PBXBuildFile; fileRef = 50472E96231BB24A002F3A59 /* ImageExpandAnimationController.swift */; };
		50472EB7231BB24A002F3A59 /* AirbnbExploreHomeController.swift in Sources */ = {isa = PBXBuildFile; fileRef = 50472E97231BB24A002F3A59 /* AirbnbExploreHomeController.swift */; };
		50472EB8231BB24A002F3A59 /* AirbnbExploreFeedController.swift in Sources */ = {isa = PBXBuildFile; fileRef = 50472E98231BB24A002F3A59 /* AirbnbExploreFeedController.swift */; };
		50472EB9231BB24A002F3A59 /* AirbnbPageTabItem.swift in Sources */ = {isa = PBXBuildFile; fileRef = 50472E99231BB24A002F3A59 /* AirbnbPageTabItem.swift */; };
		50472EBA231BB24A002F3A59 /* String.swift in Sources */ = {isa = PBXBuildFile; fileRef = 50472E9A231BB24A002F3A59 /* String.swift */; };
		50472EBB231BB24A002F3A59 /* UIImage.swift in Sources */ = {isa = PBXBuildFile; fileRef = 50472E9B231BB24A002F3A59 /* UIImage.swift */; };
		50472EBC231BB24A002F3A59 /* Theme.swift in Sources */ = {isa = PBXBuildFile; fileRef = 50472E9C231BB24A002F3A59 /* Theme.swift */; };
		50472EBD231BB24A002F3A59 /* AirbnbPageTabNavigationView.swift in Sources */ = {isa = PBXBuildFile; fileRef = 50472E9D231BB24A002F3A59 /* AirbnbPageTabNavigationView.swift */; };
		50472EBE231BB24A002F3A59 /* AirbnbStar.swift in Sources */ = {isa = PBXBuildFile; fileRef = 50472E9E231BB24A002F3A59 /* AirbnbStar.swift */; };
		50472EBF231BB24A002F3A59 /* AirbnbButton.swift in Sources */ = {isa = PBXBuildFile; fileRef = 50472E9F231BB24A002F3A59 /* AirbnbButton.swift */; };
		50472EC0231BB24A002F3A59 /* AirbnbCategoryTableCell.swift in Sources */ = {isa = PBXBuildFile; fileRef = 50472EA0231BB24A002F3A59 /* AirbnbCategoryTableCell.swift */; };
		50472EC1231BB24A002F3A59 /* AirbnbExploreHeaderView.swift in Sources */ = {isa = PBXBuildFile; fileRef = 50472EA1231BB24A002F3A59 /* AirbnbExploreHeaderView.swift */; };
		50472EC2231BB24A002F3A59 /* AirbnbHomeItemTableCell.swift in Sources */ = {isa = PBXBuildFile; fileRef = 50472EA2231BB24A002F3A59 /* AirbnbHomeItemTableCell.swift */; };
		50472EC3231BB24A002F3A59 /* AirbnbIconLabel.swift in Sources */ = {isa = PBXBuildFile; fileRef = 50472EA3231BB24A002F3A59 /* AirbnbIconLabel.swift */; };
		50472F10231BB396002F3A59 /* AirbnbDatePicker.framework in Frameworks */ = {isa = PBXBuildFile; fileRef = 50472F0F231BB323002F3A59 /* AirbnbDatePicker.framework */; };
		50472F11231BB39A002F3A59 /* AirbnbOccupantFilter.framework in Frameworks */ = {isa = PBXBuildFile; fileRef = 50472F09231BB309002F3A59 /* AirbnbOccupantFilter.framework */; };
		50755A7B230B5BA900DEC380 /* SortBy.swift in Sources */ = {isa = PBXBuildFile; fileRef = 50755A7A230B5BA900DEC380 /* SortBy.swift */; };
		50755A7D230B5C8100DEC380 /* SortViewController.swift in Sources */ = {isa = PBXBuildFile; fileRef = 50755A7C230B5C8100DEC380 /* SortViewController.swift */; };
		50755A7F2310794800DEC380 /* CollectionViewController.swift in Sources */ = {isa = PBXBuildFile; fileRef = 50755A7E2310794800DEC380 /* CollectionViewController.swift */; };
		50755A8123139EF000DEC380 /* URLConstants.swift in Sources */ = {isa = PBXBuildFile; fileRef = 50755A8023139EF000DEC380 /* URLConstants.swift */; };
		50755A842313A55500DEC380 /* String+SwiftyDates.swift in Sources */ = {isa = PBXBuildFile; fileRef = 50755A832313A55500DEC380 /* String+SwiftyDates.swift */; };
		50755A922315986F00DEC380 /* CustomLayout.swift in Sources */ = {isa = PBXBuildFile; fileRef = 50755A8F2315986E00DEC380 /* CustomLayout.swift */; };
		50755A932315986F00DEC380 /* CustomLayoutAttributes.swift in Sources */ = {isa = PBXBuildFile; fileRef = 50755A902315986E00DEC380 /* CustomLayoutAttributes.swift */; };
		50755A942315986F00DEC380 /* CustomLayoutSettings.swift in Sources */ = {isa = PBXBuildFile; fileRef = 50755A912315986F00DEC380 /* CustomLayoutSettings.swift */; };
		50755AB62315993400DEC380 /* MenuView.xib in Resources */ = {isa = PBXBuildFile; fileRef = 50755AAB2315993400DEC380 /* MenuView.xib */; };
		50755AB72315993400DEC380 /* MenuView.swift in Sources */ = {isa = PBXBuildFile; fileRef = 50755AAC2315993400DEC380 /* MenuView.swift */; };
		50755AB82315993400DEC380 /* SectionFooterView.swift in Sources */ = {isa = PBXBuildFile; fileRef = 50755AAE2315993400DEC380 /* SectionFooterView.swift */; };
		50755AB92315993400DEC380 /* SectionHeaderView.swift in Sources */ = {isa = PBXBuildFile; fileRef = 50755AB02315993400DEC380 /* SectionHeaderView.swift */; };
		50755ABA2315993400DEC380 /* PlayerCell.swift in Sources */ = {isa = PBXBuildFile; fileRef = 50755AB22315993400DEC380 /* PlayerCell.swift */; };
		50755ABB2315993400DEC380 /* HeaderView.xib in Resources */ = {isa = PBXBuildFile; fileRef = 50755AB42315993400DEC380 /* HeaderView.xib */; };
		50755ABC2315993400DEC380 /* HeaderView.swift in Sources */ = {isa = PBXBuildFile; fileRef = 50755AB52315993400DEC380 /* HeaderView.swift */; };
		50755ABF23159E0400DEC380 /* MockDataManager.swift in Sources */ = {isa = PBXBuildFile; fileRef = 50755ABE23159E0400DEC380 /* MockDataManager.swift */; };
		508E369622EFF3010007922D /* JoTagView.swift in Sources */ = {isa = PBXBuildFile; fileRef = 508E369522EFF3010007922D /* JoTagView.swift */; };
		508F305522F10038008EDD1C /* UserDataModel.xcdatamodeld in Sources */ = {isa = PBXBuildFile; fileRef = 508F305322F10038008EDD1C /* UserDataModel.xcdatamodeld */; };
		508F305722F10264008EDD1C /* DataController.swift in Sources */ = {isa = PBXBuildFile; fileRef = 508F305622F10264008EDD1C /* DataController.swift */; };
		50AA040A23063FFE00922486 /* EventSearchViewController.swift in Sources */ = {isa = PBXBuildFile; fileRef = 50AA040923063FFE00922486 /* EventSearchViewController.swift */; };
		50AA040D230A2EAA00922486 /* Roboto-Bold.ttf in Resources */ = {isa = PBXBuildFile; fileRef = 50AA040B230A2EAA00922486 /* Roboto-Bold.ttf */; };
		50AA040E230A2EAA00922486 /* Roboto-Regular.ttf in Resources */ = {isa = PBXBuildFile; fileRef = 50AA040C230A2EAA00922486 /* Roboto-Regular.ttf */; };
		50AA0413230A2ED600922486 /* Extensions.swift in Sources */ = {isa = PBXBuildFile; fileRef = 50AA040F230A2ED600922486 /* Extensions.swift */; };
		50AA0414230A2ED600922486 /* AnimHelper.swift in Sources */ = {isa = PBXBuildFile; fileRef = 50AA0410230A2ED600922486 /* AnimHelper.swift */; };
		50AA0415230A2ED600922486 /* SearchResultsView.swift in Sources */ = {isa = PBXBuildFile; fileRef = 50AA0411230A2ED600922486 /* SearchResultsView.swift */; };
		50AA0416230A2ED600922486 /* Searchbar.swift in Sources */ = {isa = PBXBuildFile; fileRef = 50AA0412230A2ED600922486 /* Searchbar.swift */; };
		50AA0421230A2F3000922486 /* WidgetExtensions.swift in Sources */ = {isa = PBXBuildFile; fileRef = 50AA041B230A2F2F00922486 /* WidgetExtensions.swift */; };
		50AA0424230A2F3000922486 /* RippleLayer.swift in Sources */ = {isa = PBXBuildFile; fileRef = 50AA041E230A2F3000922486 /* RippleLayer.swift */; };
		50AA0425230A2F3000922486 /* MaterialTableViewCell.swift in Sources */ = {isa = PBXBuildFile; fileRef = 50AA041F230A2F3000922486 /* MaterialTableViewCell.swift */; };
		50AA0426230A2F3000922486 /* MaterialLoadingIndicator.swift in Sources */ = {isa = PBXBuildFile; fileRef = 50AA0420230A2F3000922486 /* MaterialLoadingIndicator.swift */; };
		50AA042C230A2FAA00922486 /* MaterialTextField.swift in Sources */ = {isa = PBXBuildFile; fileRef = 50AA042A230A2FAA00922486 /* MaterialTextField.swift */; };
		50AA042D230A2FAA00922486 /* MaterialButton.swift in Sources */ = {isa = PBXBuildFile; fileRef = 50AA042B230A2FAA00922486 /* MaterialButton.swift */; };
		50AA0431230A310A00922486 /* ResManager.swift in Sources */ = {isa = PBXBuildFile; fileRef = 50AA0430230A310A00922486 /* ResManager.swift */; };
		50AA043A230A85EE00922486 /* CardView.xib in Resources */ = {isa = PBXBuildFile; fileRef = 50AA0437230A85EE00922486 /* CardView.xib */; };
		50AA043B230A85EE00922486 /* CardView.swift in Sources */ = {isa = PBXBuildFile; fileRef = 50AA0438230A85EE00922486 /* CardView.swift */; };
		50AA043C230A85EE00922486 /* CardViewDelegate.swift in Sources */ = {isa = PBXBuildFile; fileRef = 50AA0439230A85EE00922486 /* CardViewDelegate.swift */; };
		50AA0440230A873F00922486 /* NibLoadbleView.swift in Sources */ = {isa = PBXBuildFile; fileRef = 50AA043E230A873E00922486 /* NibLoadbleView.swift */; };
		50AA0441230A873F00922486 /* ReusableCells.swift in Sources */ = {isa = PBXBuildFile; fileRef = 50AA043F230A873F00922486 /* ReusableCells.swift */; };
		50AA0446230A8A8600922486 /* NSLayoutConstraint + Multiplier.swift in Sources */ = {isa = PBXBuildFile; fileRef = 50AA0443230A8A8500922486 /* NSLayoutConstraint + Multiplier.swift */; };
		50AA0447230A8A8600922486 /* UICollectionView + OrderedCells.swift in Sources */ = {isa = PBXBuildFile; fileRef = 50AA0444230A8A8500922486 /* UICollectionView + OrderedCells.swift */; };
		50AA0448230A8A8600922486 /* UIWindow + SafeArea.swift in Sources */ = {isa = PBXBuildFile; fileRef = 50AA0445230A8A8500922486 /* UIWindow + SafeArea.swift */; };
		50AA044B230A8B5200922486 /* EventDetailViewController.swift in Sources */ = {isa = PBXBuildFile; fileRef = 50AA044A230A8B5200922486 /* EventDetailViewController.swift */; };
		50AA044E230A8B5E00922486 /* EventDetailViewController.xib in Resources */ = {isa = PBXBuildFile; fileRef = 50AA044C230A8B5E00922486 /* EventDetailViewController.xib */; };
		50AA044F230A8B5E00922486 /* EventCollectionViewController.swift in Sources */ = {isa = PBXBuildFile; fileRef = 50AA044D230A8B5E00922486 /* EventCollectionViewController.swift */; };
		50AA0453230A8BB900922486 /* ShadowStyle.swift in Sources */ = {isa = PBXBuildFile; fileRef = 50AA0451230A8BB900922486 /* ShadowStyle.swift */; };
		50AA0454230A8BB900922486 /* UIView + ShadowStyle.swift in Sources */ = {isa = PBXBuildFile; fileRef = 50AA0452230A8BB900922486 /* UIView + ShadowStyle.swift */; };
		50AA0458230A8C0A00922486 /* EventCollectionViewCell.swift in Sources */ = {isa = PBXBuildFile; fileRef = 50AA0456230A8C0A00922486 /* EventCollectionViewCell.swift */; };
		50AA0459230A8C0A00922486 /* EventCollectionViewCell.xib in Resources */ = {isa = PBXBuildFile; fileRef = 50AA0457230A8C0A00922486 /* EventCollectionViewCell.xib */; };
		50AA045E230A931900922486 /* CircularImageView.swift in Sources */ = {isa = PBXBuildFile; fileRef = 50AA045B230A931900922486 /* CircularImageView.swift */; };
		50AA045F230A931900922486 /* iOSIconImageView.swift in Sources */ = {isa = PBXBuildFile; fileRef = 50AA045C230A931900922486 /* iOSIconImageView.swift */; };
		50AA0460230A931900922486 /* RoundCornersButton.swift in Sources */ = {isa = PBXBuildFile; fileRef = 50AA045D230A931900922486 /* RoundCornersButton.swift */; };
		50AEDE2222DCED3200EFF185 /* ExampleQuestions.json in Resources */ = {isa = PBXBuildFile; fileRef = 50AEDE2122DCED3200EFF185 /* ExampleQuestions.json */; };
		50AEDE2822DCF86A00EFF185 /* OnboardingViewController.swift in Sources */ = {isa = PBXBuildFile; fileRef = 50AEDE2722DCF86A00EFF185 /* OnboardingViewController.swift */; };
		50BECB6C22CF88A400146AE6 /* OpenSans-Regular.ttf in Resources */ = {isa = PBXBuildFile; fileRef = 50BECB6822CF88A400146AE6 /* OpenSans-Regular.ttf */; };
		50BECB6D22CF88A400146AE6 /* Nunito-Regular.ttf in Resources */ = {isa = PBXBuildFile; fileRef = 50BECB6922CF88A400146AE6 /* Nunito-Regular.ttf */; };
		50BECB6E22CF88A400146AE6 /* Nunito-Bold.ttf in Resources */ = {isa = PBXBuildFile; fileRef = 50BECB6A22CF88A400146AE6 /* Nunito-Bold.ttf */; };
		50BECB6F22CF88A400146AE6 /* Nunito-Light.ttf in Resources */ = {isa = PBXBuildFile; fileRef = 50BECB6B22CF88A400146AE6 /* Nunito-Light.ttf */; };
		50F86D8922EBCADF00C7DB54 /* GoogleService-Info.plist in Resources */ = {isa = PBXBuildFile; fileRef = 50F86D8822EBCADF00C7DB54 /* GoogleService-Info.plist */; };
		50F9A8C922E13A3300A9337E /* SPFakeBarNavigationStyle.swift in Sources */ = {isa = PBXBuildFile; fileRef = 50F9A8C722E13A3300A9337E /* SPFakeBarNavigationStyle.swift */; };
		50F9A8CC22E1433D00A9337E /* Font.swift in Sources */ = {isa = PBXBuildFile; fileRef = 50F9A8CB22E1433D00A9337E /* Font.swift */; };
		50F9A8CF22E143B200A9337E /* UIColor+Utils.swift in Sources */ = {isa = PBXBuildFile; fileRef = 50F9A8CE22E143B200A9337E /* UIColor+Utils.swift */; };
		869ACB84085D5C917DA4A5B7 /* Pods_LaunchtripUITests.framework in Frameworks */ = {isa = PBXBuildFile; fileRef = B448EE84DDEA6713937F4F90 /* Pods_LaunchtripUITests.framework */; };
		B6734E0B27E8F2E383485519 /* Pods_LaunchtripTests.framework in Frameworks */ = {isa = PBXBuildFile; fileRef = E221B3776706C9313D07D527 /* Pods_LaunchtripTests.framework */; };
/* End PBXBuildFile section */

/* Begin PBXContainerItemProxy section */
		5040ACE622C3E977000F73E4 /* PBXContainerItemProxy */ = {
			isa = PBXContainerItemProxy;
			containerPortal = 5040ACC922C3E975000F73E4 /* Project object */;
			proxyType = 1;
			remoteGlobalIDString = 5040ACD022C3E975000F73E4;
			remoteInfo = Launchtrip;
		};
		5040ACF122C3E977000F73E4 /* PBXContainerItemProxy */ = {
			isa = PBXContainerItemProxy;
			containerPortal = 5040ACC922C3E975000F73E4 /* Project object */;
			proxyType = 1;
			remoteGlobalIDString = 5040ACD022C3E975000F73E4;
			remoteInfo = Launchtrip;
		};
		50472F08231BB309002F3A59 /* PBXContainerItemProxy */ = {
			isa = PBXContainerItemProxy;
			containerPortal = 50472F04231BB309002F3A59 /* airbnb-occupant-filter.xcodeproj */;
			proxyType = 2;
			remoteGlobalIDString = 75069F481E96862A009BFC12;
			remoteInfo = "airbnb-occupant-filter";
		};
		50472F0E231BB323002F3A59 /* PBXContainerItemProxy */ = {
			isa = PBXContainerItemProxy;
			containerPortal = 50472F0A231BB323002F3A59 /* airbnb-datepicker.xcodeproj */;
			proxyType = 2;
			remoteGlobalIDString = 756034171E6C1D4F00B78E00;
			remoteInfo = "airbnb-datepicker";
		};
/* End PBXContainerItemProxy section */

/* Begin PBXFileReference section */
		50101DBF22CF8D5600661531 /* Images.swift */ = {isa = PBXFileReference; fileEncoding = 4; lastKnownFileType = sourcecode.swift; path = Images.swift; sourceTree = "<group>"; };
		5040ACD122C3E975000F73E4 /* Launchtrip.app */ = {isa = PBXFileReference; explicitFileType = wrapper.application; includeInIndex = 0; path = Launchtrip.app; sourceTree = BUILT_PRODUCTS_DIR; };
		5040ACD422C3E975000F73E4 /* AppDelegate.swift */ = {isa = PBXFileReference; lastKnownFileType = sourcecode.swift; path = AppDelegate.swift; sourceTree = "<group>"; };
		5040ACD922C3E975000F73E4 /* Base */ = {isa = PBXFileReference; lastKnownFileType = file.storyboard; name = Base; path = Base.lproj/Main.storyboard; sourceTree = "<group>"; };
		5040ACDB22C3E977000F73E4 /* Assets.xcassets */ = {isa = PBXFileReference; lastKnownFileType = folder.assetcatalog; path = Assets.xcassets; sourceTree = "<group>"; };
		5040ACDE22C3E977000F73E4 /* Base */ = {isa = PBXFileReference; lastKnownFileType = file.storyboard; name = Base; path = Base.lproj/LaunchScreen.storyboard; sourceTree = "<group>"; };
		5040ACE022C3E977000F73E4 /* Info.plist */ = {isa = PBXFileReference; lastKnownFileType = text.plist.xml; path = Info.plist; sourceTree = "<group>"; };
		5040ACE522C3E977000F73E4 /* LaunchtripTests.xctest */ = {isa = PBXFileReference; explicitFileType = wrapper.cfbundle; includeInIndex = 0; path = LaunchtripTests.xctest; sourceTree = BUILT_PRODUCTS_DIR; };
		5040ACE922C3E977000F73E4 /* LaunchtripTests.swift */ = {isa = PBXFileReference; lastKnownFileType = sourcecode.swift; path = LaunchtripTests.swift; sourceTree = "<group>"; };
		5040ACEB22C3E977000F73E4 /* Info.plist */ = {isa = PBXFileReference; lastKnownFileType = text.plist.xml; path = Info.plist; sourceTree = "<group>"; };
		5040ACF022C3E977000F73E4 /* LaunchtripUITests.xctest */ = {isa = PBXFileReference; explicitFileType = wrapper.cfbundle; includeInIndex = 0; path = LaunchtripUITests.xctest; sourceTree = BUILT_PRODUCTS_DIR; };
		5040ACF422C3E977000F73E4 /* LaunchtripUITests.swift */ = {isa = PBXFileReference; lastKnownFileType = sourcecode.swift; path = LaunchtripUITests.swift; sourceTree = "<group>"; };
		5040ACF622C3E977000F73E4 /* Info.plist */ = {isa = PBXFileReference; lastKnownFileType = text.plist.xml; path = Info.plist; sourceTree = "<group>"; };
		50472E84231BB24A002F3A59 /* AirbnbHomeDetailController.swift */ = {isa = PBXFileReference; fileEncoding = 4; lastKnownFileType = sourcecode.swift; path = AirbnbHomeDetailController.swift; sourceTree = "<group>"; };
		50472E85231BB24A002F3A59 /* AirbnbExploreController.swift */ = {isa = PBXFileReference; fileEncoding = 4; lastKnownFileType = sourcecode.swift; path = AirbnbExploreController.swift; sourceTree = "<group>"; };
		50472E86231BB24A002F3A59 /* AirbnbMainController.swift */ = {isa = PBXFileReference; fileEncoding = 4; lastKnownFileType = sourcecode.swift; path = AirbnbMainController.swift; sourceTree = "<group>"; };
		50472E87231BB24A002F3A59 /* BaseCollectionCell.swift */ = {isa = PBXFileReference; fileEncoding = 4; lastKnownFileType = sourcecode.swift; path = BaseCollectionCell.swift; sourceTree = "<group>"; };
		50472E88231BB24A002F3A59 /* AirbnbReview.swift */ = {isa = PBXFileReference; fileEncoding = 4; lastKnownFileType = sourcecode.swift; path = AirbnbReview.swift; sourceTree = "<group>"; };
		50472E89231BB24A002F3A59 /* BaseTableController.swift */ = {isa = PBXFileReference; fileEncoding = 4; lastKnownFileType = sourcecode.swift; path = BaseTableController.swift; sourceTree = "<group>"; };
		50472E8A231BB24A002F3A59 /* UIColor.swift */ = {isa = PBXFileReference; fileEncoding = 4; lastKnownFileType = sourcecode.swift; path = UIColor.swift; sourceTree = "<group>"; };
		50472E8B231BB24A002F3A59 /* AirbnbContentCategory.swift */ = {isa = PBXFileReference; fileEncoding = 4; lastKnownFileType = sourcecode.swift; path = AirbnbContentCategory.swift; sourceTree = "<group>"; };
		50472E8C231BB24A002F3A59 /* AirbnbHome.swift */ = {isa = PBXFileReference; fileEncoding = 4; lastKnownFileType = sourcecode.swift; path = AirbnbHome.swift; sourceTree = "<group>"; };
		50472E8D231BB24A002F3A59 /* UITabBar.swift */ = {isa = PBXFileReference; fileEncoding = 4; lastKnownFileType = sourcecode.swift; path = UITabBar.swift; sourceTree = "<group>"; };
		50472E8E231BB24A002F3A59 /* BasePageTabItemView.swift */ = {isa = PBXFileReference; fileEncoding = 4; lastKnownFileType = sourcecode.swift; path = BasePageTabItemView.swift; sourceTree = "<group>"; };
		50472E8F231BB24A002F3A59 /* ImageShrinkAnimationController.swift */ = {isa = PBXFileReference; fileEncoding = 4; lastKnownFileType = sourcecode.swift; path = ImageShrinkAnimationController.swift; sourceTree = "<group>"; };
		50472E90231BB24A002F3A59 /* AirbnbMapItemCell.swift */ = {isa = PBXFileReference; fileEncoding = 4; lastKnownFileType = sourcecode.swift; path = AirbnbMapItemCell.swift; sourceTree = "<group>"; };
		50472E91231BB24A002F3A59 /* VerticalAlignLabel.swift */ = {isa = PBXFileReference; fileEncoding = 4; lastKnownFileType = sourcecode.swift; path = VerticalAlignLabel.swift; sourceTree = "<group>"; };
		50472E92231BB24A002F3A59 /* AirbnbMapController.swift */ = {isa = PBXFileReference; fileEncoding = 4; lastKnownFileType = sourcecode.swift; path = AirbnbMapController.swift; sourceTree = "<group>"; };
		50472E93231BB24A002F3A59 /* AirbnbHomeItemCell.swift */ = {isa = PBXFileReference; fileEncoding = 4; lastKnownFileType = sourcecode.swift; path = AirbnbHomeItemCell.swift; sourceTree = "<group>"; };
		50472E94231BB24A002F3A59 /* AirbnbContentThumbnail.swift */ = {isa = PBXFileReference; fileEncoding = 4; lastKnownFileType = sourcecode.swift; path = AirbnbContentThumbnail.swift; sourceTree = "<group>"; };
		50472E95231BB24A002F3A59 /* BaseTableCell.swift */ = {isa = PBXFileReference; fileEncoding = 4; lastKnownFileType = sourcecode.swift; path = BaseTableCell.swift; sourceTree = "<group>"; };
		50472E96231BB24A002F3A59 /* ImageExpandAnimationController.swift */ = {isa = PBXFileReference; fileEncoding = 4; lastKnownFileType = sourcecode.swift; path = ImageExpandAnimationController.swift; sourceTree = "<group>"; };
		50472E97231BB24A002F3A59 /* AirbnbExploreHomeController.swift */ = {isa = PBXFileReference; fileEncoding = 4; lastKnownFileType = sourcecode.swift; path = AirbnbExploreHomeController.swift; sourceTree = "<group>"; };
		50472E98231BB24A002F3A59 /* AirbnbExploreFeedController.swift */ = {isa = PBXFileReference; fileEncoding = 4; lastKnownFileType = sourcecode.swift; path = AirbnbExploreFeedController.swift; sourceTree = "<group>"; };
		50472E99231BB24A002F3A59 /* AirbnbPageTabItem.swift */ = {isa = PBXFileReference; fileEncoding = 4; lastKnownFileType = sourcecode.swift; path = AirbnbPageTabItem.swift; sourceTree = "<group>"; };
		50472E9A231BB24A002F3A59 /* String.swift */ = {isa = PBXFileReference; fileEncoding = 4; lastKnownFileType = sourcecode.swift; path = String.swift; sourceTree = "<group>"; };
		50472E9B231BB24A002F3A59 /* UIImage.swift */ = {isa = PBXFileReference; fileEncoding = 4; lastKnownFileType = sourcecode.swift; path = UIImage.swift; sourceTree = "<group>"; };
		50472E9C231BB24A002F3A59 /* Theme.swift */ = {isa = PBXFileReference; fileEncoding = 4; lastKnownFileType = sourcecode.swift; path = Theme.swift; sourceTree = "<group>"; };
		50472E9D231BB24A002F3A59 /* AirbnbPageTabNavigationView.swift */ = {isa = PBXFileReference; fileEncoding = 4; lastKnownFileType = sourcecode.swift; path = AirbnbPageTabNavigationView.swift; sourceTree = "<group>"; };
		50472E9E231BB24A002F3A59 /* AirbnbStar.swift */ = {isa = PBXFileReference; fileEncoding = 4; lastKnownFileType = sourcecode.swift; path = AirbnbStar.swift; sourceTree = "<group>"; };
		50472E9F231BB24A002F3A59 /* AirbnbButton.swift */ = {isa = PBXFileReference; fileEncoding = 4; lastKnownFileType = sourcecode.swift; path = AirbnbButton.swift; sourceTree = "<group>"; };
		50472EA0231BB24A002F3A59 /* AirbnbCategoryTableCell.swift */ = {isa = PBXFileReference; fileEncoding = 4; lastKnownFileType = sourcecode.swift; path = AirbnbCategoryTableCell.swift; sourceTree = "<group>"; };
		50472EA1231BB24A002F3A59 /* AirbnbExploreHeaderView.swift */ = {isa = PBXFileReference; fileEncoding = 4; lastKnownFileType = sourcecode.swift; path = AirbnbExploreHeaderView.swift; sourceTree = "<group>"; };
		50472EA2231BB24A002F3A59 /* AirbnbHomeItemTableCell.swift */ = {isa = PBXFileReference; fileEncoding = 4; lastKnownFileType = sourcecode.swift; path = AirbnbHomeItemTableCell.swift; sourceTree = "<group>"; };
		50472EA3231BB24A002F3A59 /* AirbnbIconLabel.swift */ = {isa = PBXFileReference; fileEncoding = 4; lastKnownFileType = sourcecode.swift; path = AirbnbIconLabel.swift; sourceTree = "<group>"; };
		50472F04231BB309002F3A59 /* airbnb-occupant-filter.xcodeproj */ = {isa = PBXFileReference; lastKnownFileType = "wrapper.pb-project"; name = "airbnb-occupant-filter.xcodeproj"; path = "Launchtrip/AirBnBUI/airbnb-occupant-filter/airbnb-occupant-filter.xcodeproj"; sourceTree = "<group>"; };
		50472F0A231BB323002F3A59 /* airbnb-datepicker.xcodeproj */ = {isa = PBXFileReference; lastKnownFileType = "wrapper.pb-project"; name = "airbnb-datepicker.xcodeproj"; path = "Launchtrip/AirBnBUI/airbnb-datepicker/airbnb-datepicker.xcodeproj"; sourceTree = "<group>"; };
		50755A7A230B5BA900DEC380 /* SortBy.swift */ = {isa = PBXFileReference; lastKnownFileType = sourcecode.swift; path = SortBy.swift; sourceTree = "<group>"; };
		50755A7C230B5C8100DEC380 /* SortViewController.swift */ = {isa = PBXFileReference; lastKnownFileType = sourcecode.swift; path = SortViewController.swift; sourceTree = "<group>"; };
		50755A7E2310794800DEC380 /* CollectionViewController.swift */ = {isa = PBXFileReference; fileEncoding = 4; lastKnownFileType = sourcecode.swift; path = CollectionViewController.swift; sourceTree = "<group>"; };
		50755A8023139EF000DEC380 /* URLConstants.swift */ = {isa = PBXFileReference; lastKnownFileType = sourcecode.swift; name = URLConstants.swift; path = Launchtrip/Utilities/URLConstants.swift; sourceTree = "<group>"; };
		50755A832313A55500DEC380 /* String+SwiftyDates.swift */ = {isa = PBXFileReference; fileEncoding = 4; lastKnownFileType = sourcecode.swift; name = "String+SwiftyDates.swift"; path = "../../String+SwiftyDates.swift"; sourceTree = "<group>"; };
		50755A8F2315986E00DEC380 /* CustomLayout.swift */ = {isa = PBXFileReference; fileEncoding = 4; lastKnownFileType = sourcecode.swift; path = CustomLayout.swift; sourceTree = "<group>"; };
		50755A902315986E00DEC380 /* CustomLayoutAttributes.swift */ = {isa = PBXFileReference; fileEncoding = 4; lastKnownFileType = sourcecode.swift; path = CustomLayoutAttributes.swift; sourceTree = "<group>"; };
		50755A912315986F00DEC380 /* CustomLayoutSettings.swift */ = {isa = PBXFileReference; fileEncoding = 4; lastKnownFileType = sourcecode.swift; path = CustomLayoutSettings.swift; sourceTree = "<group>"; };
		50755AAB2315993400DEC380 /* MenuView.xib */ = {isa = PBXFileReference; fileEncoding = 4; lastKnownFileType = file.xib; path = MenuView.xib; sourceTree = "<group>"; };
		50755AAC2315993400DEC380 /* MenuView.swift */ = {isa = PBXFileReference; fileEncoding = 4; lastKnownFileType = sourcecode.swift; path = MenuView.swift; sourceTree = "<group>"; };
		50755AAE2315993400DEC380 /* SectionFooterView.swift */ = {isa = PBXFileReference; fileEncoding = 4; lastKnownFileType = sourcecode.swift; path = SectionFooterView.swift; sourceTree = "<group>"; };
		50755AB02315993400DEC380 /* SectionHeaderView.swift */ = {isa = PBXFileReference; fileEncoding = 4; lastKnownFileType = sourcecode.swift; path = SectionHeaderView.swift; sourceTree = "<group>"; };
		50755AB22315993400DEC380 /* PlayerCell.swift */ = {isa = PBXFileReference; fileEncoding = 4; lastKnownFileType = sourcecode.swift; path = PlayerCell.swift; sourceTree = "<group>"; };
		50755AB42315993400DEC380 /* HeaderView.xib */ = {isa = PBXFileReference; fileEncoding = 4; lastKnownFileType = file.xib; path = HeaderView.xib; sourceTree = "<group>"; };
		50755AB52315993400DEC380 /* HeaderView.swift */ = {isa = PBXFileReference; fileEncoding = 4; lastKnownFileType = sourcecode.swift; path = HeaderView.swift; sourceTree = "<group>"; };
		50755ABE23159E0400DEC380 /* MockDataManager.swift */ = {isa = PBXFileReference; fileEncoding = 4; lastKnownFileType = sourcecode.swift; path = MockDataManager.swift; sourceTree = "<group>"; };
		508E369522EFF3010007922D /* JoTagView.swift */ = {isa = PBXFileReference; fileEncoding = 4; lastKnownFileType = sourcecode.swift; path = JoTagView.swift; sourceTree = "<group>"; };
		508F305422F10038008EDD1C /* User.xcdatamodel */ = {isa = PBXFileReference; lastKnownFileType = wrapper.xcdatamodel; path = User.xcdatamodel; sourceTree = "<group>"; };
		508F305622F10264008EDD1C /* DataController.swift */ = {isa = PBXFileReference; lastKnownFileType = sourcecode.swift; path = DataController.swift; sourceTree = "<group>"; };
		50AA040923063FFE00922486 /* EventSearchViewController.swift */ = {isa = PBXFileReference; lastKnownFileType = sourcecode.swift; path = EventSearchViewController.swift; sourceTree = "<group>"; };
		50AA040B230A2EAA00922486 /* Roboto-Bold.ttf */ = {isa = PBXFileReference; lastKnownFileType = file; path = "Roboto-Bold.ttf"; sourceTree = "<group>"; };
		50AA040C230A2EAA00922486 /* Roboto-Regular.ttf */ = {isa = PBXFileReference; lastKnownFileType = file; path = "Roboto-Regular.ttf"; sourceTree = "<group>"; };
		50AA040F230A2ED600922486 /* Extensions.swift */ = {isa = PBXFileReference; fileEncoding = 4; lastKnownFileType = sourcecode.swift; path = Extensions.swift; sourceTree = "<group>"; };
		50AA0410230A2ED600922486 /* AnimHelper.swift */ = {isa = PBXFileReference; fileEncoding = 4; lastKnownFileType = sourcecode.swift; path = AnimHelper.swift; sourceTree = "<group>"; };
		50AA0411230A2ED600922486 /* SearchResultsView.swift */ = {isa = PBXFileReference; fileEncoding = 4; lastKnownFileType = sourcecode.swift; path = SearchResultsView.swift; sourceTree = "<group>"; };
		50AA0412230A2ED600922486 /* Searchbar.swift */ = {isa = PBXFileReference; fileEncoding = 4; lastKnownFileType = sourcecode.swift; path = Searchbar.swift; sourceTree = "<group>"; };
		50AA041B230A2F2F00922486 /* WidgetExtensions.swift */ = {isa = PBXFileReference; fileEncoding = 4; lastKnownFileType = sourcecode.swift; name = WidgetExtensions.swift; path = ../WidgetSource/WidgetExtensions.swift; sourceTree = "<group>"; };
		50AA041E230A2F3000922486 /* RippleLayer.swift */ = {isa = PBXFileReference; fileEncoding = 4; lastKnownFileType = sourcecode.swift; path = RippleLayer.swift; sourceTree = "<group>"; };
		50AA041F230A2F3000922486 /* MaterialTableViewCell.swift */ = {isa = PBXFileReference; fileEncoding = 4; lastKnownFileType = sourcecode.swift; path = MaterialTableViewCell.swift; sourceTree = "<group>"; };
		50AA0420230A2F3000922486 /* MaterialLoadingIndicator.swift */ = {isa = PBXFileReference; fileEncoding = 4; lastKnownFileType = sourcecode.swift; name = MaterialLoadingIndicator.swift; path = ../MaterialLoadingIndicator.swift; sourceTree = "<group>"; };
		50AA042A230A2FAA00922486 /* MaterialTextField.swift */ = {isa = PBXFileReference; fileEncoding = 4; lastKnownFileType = sourcecode.swift; name = MaterialTextField.swift; path = Launchtrip/MaterialTextField.swift; sourceTree = SOURCE_ROOT; };
		50AA042B230A2FAA00922486 /* MaterialButton.swift */ = {isa = PBXFileReference; fileEncoding = 4; lastKnownFileType = sourcecode.swift; name = MaterialButton.swift; path = Launchtrip/MaterialButton.swift; sourceTree = SOURCE_ROOT; };
		50AA0430230A310A00922486 /* ResManager.swift */ = {isa = PBXFileReference; fileEncoding = 4; lastKnownFileType = sourcecode.swift; path = ResManager.swift; sourceTree = "<group>"; };
		50AA0437230A85EE00922486 /* CardView.xib */ = {isa = PBXFileReference; fileEncoding = 4; lastKnownFileType = file.xib; path = CardView.xib; sourceTree = "<group>"; };
		50AA0438230A85EE00922486 /* CardView.swift */ = {isa = PBXFileReference; fileEncoding = 4; lastKnownFileType = sourcecode.swift; path = CardView.swift; sourceTree = "<group>"; };
		50AA0439230A85EE00922486 /* CardViewDelegate.swift */ = {isa = PBXFileReference; fileEncoding = 4; lastKnownFileType = sourcecode.swift; path = CardViewDelegate.swift; sourceTree = "<group>"; };
		50AA043E230A873E00922486 /* NibLoadbleView.swift */ = {isa = PBXFileReference; fileEncoding = 4; lastKnownFileType = sourcecode.swift; path = NibLoadbleView.swift; sourceTree = "<group>"; };
		50AA043F230A873F00922486 /* ReusableCells.swift */ = {isa = PBXFileReference; fileEncoding = 4; lastKnownFileType = sourcecode.swift; path = ReusableCells.swift; sourceTree = "<group>"; };
		50AA0443230A8A8500922486 /* NSLayoutConstraint + Multiplier.swift */ = {isa = PBXFileReference; fileEncoding = 4; lastKnownFileType = sourcecode.swift; path = "NSLayoutConstraint + Multiplier.swift"; sourceTree = "<group>"; };
		50AA0444230A8A8500922486 /* UICollectionView + OrderedCells.swift */ = {isa = PBXFileReference; fileEncoding = 4; lastKnownFileType = sourcecode.swift; path = "UICollectionView + OrderedCells.swift"; sourceTree = "<group>"; };
		50AA0445230A8A8500922486 /* UIWindow + SafeArea.swift */ = {isa = PBXFileReference; fileEncoding = 4; lastKnownFileType = sourcecode.swift; path = "UIWindow + SafeArea.swift"; sourceTree = "<group>"; };
		50AA044A230A8B5200922486 /* EventDetailViewController.swift */ = {isa = PBXFileReference; fileEncoding = 4; lastKnownFileType = sourcecode.swift; path = EventDetailViewController.swift; sourceTree = "<group>"; };
		50AA044C230A8B5E00922486 /* EventDetailViewController.xib */ = {isa = PBXFileReference; fileEncoding = 4; lastKnownFileType = file.xib; path = EventDetailViewController.xib; sourceTree = "<group>"; };
		50AA044D230A8B5E00922486 /* EventCollectionViewController.swift */ = {isa = PBXFileReference; fileEncoding = 4; lastKnownFileType = sourcecode.swift; path = EventCollectionViewController.swift; sourceTree = "<group>"; };
		50AA0451230A8BB900922486 /* ShadowStyle.swift */ = {isa = PBXFileReference; fileEncoding = 4; lastKnownFileType = sourcecode.swift; path = ShadowStyle.swift; sourceTree = "<group>"; };
		50AA0452230A8BB900922486 /* UIView + ShadowStyle.swift */ = {isa = PBXFileReference; fileEncoding = 4; lastKnownFileType = sourcecode.swift; path = "UIView + ShadowStyle.swift"; sourceTree = "<group>"; };
		50AA0456230A8C0A00922486 /* EventCollectionViewCell.swift */ = {isa = PBXFileReference; fileEncoding = 4; lastKnownFileType = sourcecode.swift; path = EventCollectionViewCell.swift; sourceTree = "<group>"; };
		50AA0457230A8C0A00922486 /* EventCollectionViewCell.xib */ = {isa = PBXFileReference; fileEncoding = 4; lastKnownFileType = file.xib; path = EventCollectionViewCell.xib; sourceTree = "<group>"; };
		50AA045B230A931900922486 /* CircularImageView.swift */ = {isa = PBXFileReference; fileEncoding = 4; lastKnownFileType = sourcecode.swift; path = CircularImageView.swift; sourceTree = "<group>"; };
		50AA045C230A931900922486 /* iOSIconImageView.swift */ = {isa = PBXFileReference; fileEncoding = 4; lastKnownFileType = sourcecode.swift; path = iOSIconImageView.swift; sourceTree = "<group>"; };
		50AA045D230A931900922486 /* RoundCornersButton.swift */ = {isa = PBXFileReference; fileEncoding = 4; lastKnownFileType = sourcecode.swift; path = RoundCornersButton.swift; sourceTree = "<group>"; };
		50AEDE2122DCED3200EFF185 /* ExampleQuestions.json */ = {isa = PBXFileReference; fileEncoding = 4; lastKnownFileType = text.json; path = ExampleQuestions.json; sourceTree = "<group>"; };
		50AEDE2722DCF86A00EFF185 /* OnboardingViewController.swift */ = {isa = PBXFileReference; lastKnownFileType = sourcecode.swift; path = OnboardingViewController.swift; sourceTree = "<group>"; };
		50BECB6822CF88A400146AE6 /* OpenSans-Regular.ttf */ = {isa = PBXFileReference; lastKnownFileType = file; path = "OpenSans-Regular.ttf"; sourceTree = "<group>"; };
		50BECB6922CF88A400146AE6 /* Nunito-Regular.ttf */ = {isa = PBXFileReference; lastKnownFileType = file; path = "Nunito-Regular.ttf"; sourceTree = "<group>"; };
		50BECB6A22CF88A400146AE6 /* Nunito-Bold.ttf */ = {isa = PBXFileReference; lastKnownFileType = file; path = "Nunito-Bold.ttf"; sourceTree = "<group>"; };
		50BECB6B22CF88A400146AE6 /* Nunito-Light.ttf */ = {isa = PBXFileReference; lastKnownFileType = file; path = "Nunito-Light.ttf"; sourceTree = "<group>"; };
		50F86D8822EBCADF00C7DB54 /* GoogleService-Info.plist */ = {isa = PBXFileReference; fileEncoding = 4; lastKnownFileType = text.plist.xml; path = "GoogleService-Info.plist"; sourceTree = "<group>"; };
		50F9A8C722E13A3300A9337E /* SPFakeBarNavigationStyle.swift */ = {isa = PBXFileReference; fileEncoding = 4; lastKnownFileType = sourcecode.swift; path = SPFakeBarNavigationStyle.swift; sourceTree = "<group>"; };
		50F9A8CB22E1433D00A9337E /* Font.swift */ = {isa = PBXFileReference; fileEncoding = 4; lastKnownFileType = sourcecode.swift; path = Font.swift; sourceTree = "<group>"; };
		50F9A8CE22E143B200A9337E /* UIColor+Utils.swift */ = {isa = PBXFileReference; fileEncoding = 4; lastKnownFileType = sourcecode.swift; path = "UIColor+Utils.swift"; sourceTree = "<group>"; };
		60A2561B1FB4BD4E2DD37CF1 /* Pods-LaunchtripUITests.debug.xcconfig */ = {isa = PBXFileReference; includeInIndex = 1; lastKnownFileType = text.xcconfig; name = "Pods-LaunchtripUITests.debug.xcconfig"; path = "Target Support Files/Pods-LaunchtripUITests/Pods-LaunchtripUITests.debug.xcconfig"; sourceTree = "<group>"; };
		95C4C06E2B94CECC1F9B1AB4 /* Pods-LaunchtripTests.release.xcconfig */ = {isa = PBXFileReference; includeInIndex = 1; lastKnownFileType = text.xcconfig; name = "Pods-LaunchtripTests.release.xcconfig"; path = "Target Support Files/Pods-LaunchtripTests/Pods-LaunchtripTests.release.xcconfig"; sourceTree = "<group>"; };
		A0E26788E4617140D065003B /* Pods_Launchtrip.framework */ = {isa = PBXFileReference; explicitFileType = wrapper.framework; includeInIndex = 0; path = Pods_Launchtrip.framework; sourceTree = BUILT_PRODUCTS_DIR; };
		B448EE84DDEA6713937F4F90 /* Pods_LaunchtripUITests.framework */ = {isa = PBXFileReference; explicitFileType = wrapper.framework; includeInIndex = 0; path = Pods_LaunchtripUITests.framework; sourceTree = BUILT_PRODUCTS_DIR; };
		BC22CE35242F38FEB10C072F /* Pods-Launchtrip.debug.xcconfig */ = {isa = PBXFileReference; includeInIndex = 1; lastKnownFileType = text.xcconfig; name = "Pods-Launchtrip.debug.xcconfig"; path = "Target Support Files/Pods-Launchtrip/Pods-Launchtrip.debug.xcconfig"; sourceTree = "<group>"; };
		D4823EE0D0A3C8148D26A33F /* Pods-Launchtrip.release.xcconfig */ = {isa = PBXFileReference; includeInIndex = 1; lastKnownFileType = text.xcconfig; name = "Pods-Launchtrip.release.xcconfig"; path = "Target Support Files/Pods-Launchtrip/Pods-Launchtrip.release.xcconfig"; sourceTree = "<group>"; };
		DB760985432489667465E3AC /* Pods-LaunchtripTests.debug.xcconfig */ = {isa = PBXFileReference; includeInIndex = 1; lastKnownFileType = text.xcconfig; name = "Pods-LaunchtripTests.debug.xcconfig"; path = "Target Support Files/Pods-LaunchtripTests/Pods-LaunchtripTests.debug.xcconfig"; sourceTree = "<group>"; };
		E221B3776706C9313D07D527 /* Pods_LaunchtripTests.framework */ = {isa = PBXFileReference; explicitFileType = wrapper.framework; includeInIndex = 0; path = Pods_LaunchtripTests.framework; sourceTree = BUILT_PRODUCTS_DIR; };
		F1A64C5D914E6FDDED102052 /* Pods-LaunchtripUITests.release.xcconfig */ = {isa = PBXFileReference; includeInIndex = 1; lastKnownFileType = text.xcconfig; name = "Pods-LaunchtripUITests.release.xcconfig"; path = "Target Support Files/Pods-LaunchtripUITests/Pods-LaunchtripUITests.release.xcconfig"; sourceTree = "<group>"; };
/* End PBXFileReference section */

/* Begin PBXFrameworksBuildPhase section */
		5040ACCE22C3E975000F73E4 /* Frameworks */ = {
			isa = PBXFrameworksBuildPhase;
			buildActionMask = 2147483647;
			files = (
				50472F11231BB39A002F3A59 /* AirbnbOccupantFilter.framework in Frameworks */,
				50472F10231BB396002F3A59 /* AirbnbDatePicker.framework in Frameworks */,
				17454144EEDB79BBD686799B /* Pods_Launchtrip.framework in Frameworks */,
			);
			runOnlyForDeploymentPostprocessing = 0;
		};
		5040ACE222C3E977000F73E4 /* Frameworks */ = {
			isa = PBXFrameworksBuildPhase;
			buildActionMask = 2147483647;
			files = (
				B6734E0B27E8F2E383485519 /* Pods_LaunchtripTests.framework in Frameworks */,
			);
			runOnlyForDeploymentPostprocessing = 0;
		};
		5040ACED22C3E977000F73E4 /* Frameworks */ = {
			isa = PBXFrameworksBuildPhase;
			buildActionMask = 2147483647;
			files = (
				869ACB84085D5C917DA4A5B7 /* Pods_LaunchtripUITests.framework in Frameworks */,
			);
			runOnlyForDeploymentPostprocessing = 0;
		};
/* End PBXFrameworksBuildPhase section */

/* Begin PBXGroup section */
		50101DC122CF8D6000661531 /* Constants */ = {
			isa = PBXGroup;
			children = (
				50101DBF22CF8D5600661531 /* Images.swift */,
				50755A8023139EF000DEC380 /* URLConstants.swift */,
			);
			name = Constants;
			sourceTree = "<group>";
		};
		5040ACC822C3E975000F73E4 = {
			isa = PBXGroup;
			children = (
				50472F0A231BB323002F3A59 /* airbnb-datepicker.xcodeproj */,
				50472F04231BB309002F3A59 /* airbnb-occupant-filter.xcodeproj */,
				50472E83231BB24A002F3A59 /* AirBnBUI */,
				50101DC122CF8D6000661531 /* Constants */,
				50BECB6722CF87DF00146AE6 /* Fonts */,
				5040ACD322C3E975000F73E4 /* Launchtrip */,
				5040ACE822C3E977000F73E4 /* LaunchtripTests */,
				5040ACF322C3E977000F73E4 /* LaunchtripUITests */,
				5040ACD222C3E975000F73E4 /* Products */,
				E6B7B7527F2151C3FB39AB87 /* Pods */,
				F773FB08D102CDC2E23B6005 /* Frameworks */,
			);
			sourceTree = "<group>";
		};
		5040ACD222C3E975000F73E4 /* Products */ = {
			isa = PBXGroup;
			children = (
				5040ACD122C3E975000F73E4 /* Launchtrip.app */,
				5040ACE522C3E977000F73E4 /* LaunchtripTests.xctest */,
				5040ACF022C3E977000F73E4 /* LaunchtripUITests.xctest */,
			);
			name = Products;
			sourceTree = "<group>";
		};
		5040ACD322C3E975000F73E4 /* Launchtrip */ = {
			isa = PBXGroup;
			children = (
				50755ABD23159E0400DEC380 /* Mock Data */,
				50755AA92315993400DEC380 /* Reusable Views */,
				50755A952315987500DEC380 /* Custom Layout */,
				50755A7E2310794800DEC380 /* CollectionViewController.swift */,
				50AA045B230A931900922486 /* CircularImageView.swift */,
				50AA045C230A931900922486 /* iOSIconImageView.swift */,
				50AA045D230A931900922486 /* RoundCornersButton.swift */,
				50AA045A230A8C1000922486 /* Cells */,
				50AA0455230A8BBD00922486 /* Shadow */,
				50AA0450230A8B6400922486 /* Events */,
				50AA0449230A8A8B00922486 /* UIKit */,
				50AA0442230A874200922486 /* Utilities */,
				50AA043D230A86A000922486 /* CardView */,
				50AA0429230A2F7900922486 /* WidgetSource */,
				50AA0418230A2EF800922486 /* SearchBar */,
				50F9A8CD22E1434400A9337E /* Utils */,
				50F9A8CA22E13A3800A9337E /* SPFakeBar */,
				50AEDE2122DCED3200EFF185 /* ExampleQuestions.json */,
				5040ACD422C3E975000F73E4 /* AppDelegate.swift */,
				50AEDE2722DCF86A00EFF185 /* OnboardingViewController.swift */,
				50AA040923063FFE00922486 /* EventSearchViewController.swift */,
				50755A7C230B5C8100DEC380 /* SortViewController.swift */,
				508F305322F10038008EDD1C /* UserDataModel.xcdatamodeld */,
				508F305622F10264008EDD1C /* DataController.swift */,
				5040ACD822C3E975000F73E4 /* Main.storyboard */,
				50755A7A230B5BA900DEC380 /* SortBy.swift */,
				5040ACDB22C3E977000F73E4 /* Assets.xcassets */,
				50AA0430230A310A00922486 /* ResManager.swift */,
				5040ACDD22C3E977000F73E4 /* LaunchScreen.storyboard */,
				5040ACE022C3E977000F73E4 /* Info.plist */,
				50F86D8822EBCADF00C7DB54 /* GoogleService-Info.plist */,
			);
			path = Launchtrip;
			sourceTree = "<group>";
		};
		5040ACE822C3E977000F73E4 /* LaunchtripTests */ = {
			isa = PBXGroup;
			children = (
				5040ACE922C3E977000F73E4 /* LaunchtripTests.swift */,
				5040ACEB22C3E977000F73E4 /* Info.plist */,
			);
			path = LaunchtripTests;
			sourceTree = "<group>";
		};
		5040ACF322C3E977000F73E4 /* LaunchtripUITests */ = {
			isa = PBXGroup;
			children = (
				5040ACF422C3E977000F73E4 /* LaunchtripUITests.swift */,
				5040ACF622C3E977000F73E4 /* Info.plist */,
			);
			path = LaunchtripUITests;
			sourceTree = "<group>";
		};
		50472E83231BB24A002F3A59 /* AirBnBUI */ = {
			isa = PBXGroup;
			children = (
				50472E84231BB24A002F3A59 /* AirbnbHomeDetailController.swift */,
				50472E85231BB24A002F3A59 /* AirbnbExploreController.swift */,
				50472E86231BB24A002F3A59 /* AirbnbMainController.swift */,
				50472E87231BB24A002F3A59 /* BaseCollectionCell.swift */,
				50472E88231BB24A002F3A59 /* AirbnbReview.swift */,
				50472E89231BB24A002F3A59 /* BaseTableController.swift */,
				50472E8A231BB24A002F3A59 /* UIColor.swift */,
				50472E8B231BB24A002F3A59 /* AirbnbContentCategory.swift */,
				50472E8C231BB24A002F3A59 /* AirbnbHome.swift */,
				50472E8D231BB24A002F3A59 /* UITabBar.swift */,
				50472E8E231BB24A002F3A59 /* BasePageTabItemView.swift */,
				50472E8F231BB24A002F3A59 /* ImageShrinkAnimationController.swift */,
				50472E90231BB24A002F3A59 /* AirbnbMapItemCell.swift */,
				50472E91231BB24A002F3A59 /* VerticalAlignLabel.swift */,
				50472E92231BB24A002F3A59 /* AirbnbMapController.swift */,
				50472E93231BB24A002F3A59 /* AirbnbHomeItemCell.swift */,
				50472E94231BB24A002F3A59 /* AirbnbContentThumbnail.swift */,
				50472E95231BB24A002F3A59 /* BaseTableCell.swift */,
				50472E96231BB24A002F3A59 /* ImageExpandAnimationController.swift */,
				50472E97231BB24A002F3A59 /* AirbnbExploreHomeController.swift */,
				50472E98231BB24A002F3A59 /* AirbnbExploreFeedController.swift */,
				50472E99231BB24A002F3A59 /* AirbnbPageTabItem.swift */,
				50472E9A231BB24A002F3A59 /* String.swift */,
				50472E9B231BB24A002F3A59 /* UIImage.swift */,
				50472E9C231BB24A002F3A59 /* Theme.swift */,
				50472E9D231BB24A002F3A59 /* AirbnbPageTabNavigationView.swift */,
				50472E9E231BB24A002F3A59 /* AirbnbStar.swift */,
				50472E9F231BB24A002F3A59 /* AirbnbButton.swift */,
				50472EA0231BB24A002F3A59 /* AirbnbCategoryTableCell.swift */,
				50472EA1231BB24A002F3A59 /* AirbnbExploreHeaderView.swift */,
				50472EA2231BB24A002F3A59 /* AirbnbHomeItemTableCell.swift */,
				50472EA3231BB24A002F3A59 /* AirbnbIconLabel.swift */,
			);
			name = AirBnBUI;
			path = Launchtrip/AirBnBUI;
			sourceTree = "<group>";
		};
		50472F05231BB309002F3A59 /* Products */ = {
			isa = PBXGroup;
			children = (
				50472F09231BB309002F3A59 /* AirbnbOccupantFilter.framework */,
			);
			name = Products;
			sourceTree = "<group>";
		};
		50472F0B231BB323002F3A59 /* Products */ = {
			isa = PBXGroup;
			children = (
				50472F0F231BB323002F3A59 /* AirbnbDatePicker.framework */,
			);
			name = Products;
			sourceTree = "<group>";
		};
		50755A952315987500DEC380 /* Custom Layout */ = {
			isa = PBXGroup;
			children = (
				50755A8F2315986E00DEC380 /* CustomLayout.swift */,
				50755A902315986E00DEC380 /* CustomLayoutAttributes.swift */,
				50755A912315986F00DEC380 /* CustomLayoutSettings.swift */,
			);
			path = "Custom Layout";
			sourceTree = "<group>";
		};
		50755AA92315993400DEC380 /* Reusable Views */ = {
			isa = PBXGroup;
			children = (
				50755AAA2315993400DEC380 /* Menu View */,
				50755AAD2315993400DEC380 /* Section Footer View */,
				50755AAF2315993400DEC380 /* Section Header View */,
				50755AB12315993400DEC380 /* Cell */,
				50755AB32315993400DEC380 /* Header View */,
			);
			path = "Reusable Views";
			sourceTree = "<group>";
		};
		50755AAA2315993400DEC380 /* Menu View */ = {
			isa = PBXGroup;
			children = (
				50755AAB2315993400DEC380 /* MenuView.xib */,
				50755AAC2315993400DEC380 /* MenuView.swift */,
			);
			path = "Menu View";
			sourceTree = "<group>";
		};
		50755AAD2315993400DEC380 /* Section Footer View */ = {
			isa = PBXGroup;
			children = (
				50755AAE2315993400DEC380 /* SectionFooterView.swift */,
			);
			path = "Section Footer View";
			sourceTree = "<group>";
		};
		50755AAF2315993400DEC380 /* Section Header View */ = {
			isa = PBXGroup;
			children = (
				50755AB02315993400DEC380 /* SectionHeaderView.swift */,
			);
			path = "Section Header View";
			sourceTree = "<group>";
		};
		50755AB12315993400DEC380 /* Cell */ = {
			isa = PBXGroup;
			children = (
				50755AB22315993400DEC380 /* PlayerCell.swift */,
			);
			path = Cell;
			sourceTree = "<group>";
		};
		50755AB32315993400DEC380 /* Header View */ = {
			isa = PBXGroup;
			children = (
				50755AB42315993400DEC380 /* HeaderView.xib */,
				50755AB52315993400DEC380 /* HeaderView.swift */,
			);
			path = "Header View";
			sourceTree = "<group>";
		};
		50755ABD23159E0400DEC380 /* Mock Data */ = {
			isa = PBXGroup;
			children = (
				50755ABE23159E0400DEC380 /* MockDataManager.swift */,
			);
			path = "Mock Data";
			sourceTree = "<group>";
		};
		50AA0418230A2EF800922486 /* SearchBar */ = {
			isa = PBXGroup;
			children = (
				50AA0410230A2ED600922486 /* AnimHelper.swift */,
				50AA040F230A2ED600922486 /* Extensions.swift */,
				50AA0412230A2ED600922486 /* Searchbar.swift */,
				50AA0411230A2ED600922486 /* SearchResultsView.swift */,
			);
			path = SearchBar;
			sourceTree = "<group>";
		};
		50AA0429230A2F7900922486 /* WidgetSource */ = {
			isa = PBXGroup;
			children = (
				50AA042B230A2FAA00922486 /* MaterialButton.swift */,
				50AA042A230A2FAA00922486 /* MaterialTextField.swift */,
				50AA0420230A2F3000922486 /* MaterialLoadingIndicator.swift */,
				50AA041F230A2F3000922486 /* MaterialTableViewCell.swift */,
				50AA041E230A2F3000922486 /* RippleLayer.swift */,
				50AA041B230A2F2F00922486 /* WidgetExtensions.swift */,
			);
			path = WidgetSource;
			sourceTree = "<group>";
		};
		50AA043D230A86A000922486 /* CardView */ = {
			isa = PBXGroup;
			children = (
				50AA0438230A85EE00922486 /* CardView.swift */,
				50AA0437230A85EE00922486 /* CardView.xib */,
				50AA0439230A85EE00922486 /* CardViewDelegate.swift */,
			);
			path = CardView;
			sourceTree = "<group>";
		};
		50AA0442230A874200922486 /* Utilities */ = {
			isa = PBXGroup;
			children = (
				50755A832313A55500DEC380 /* String+SwiftyDates.swift */,
				50AA043E230A873E00922486 /* NibLoadbleView.swift */,
				50AA043F230A873F00922486 /* ReusableCells.swift */,
			);
			path = Utilities;
			sourceTree = "<group>";
		};
		50AA0449230A8A8B00922486 /* UIKit */ = {
			isa = PBXGroup;
			children = (
				50AA0443230A8A8500922486 /* NSLayoutConstraint + Multiplier.swift */,
				50AA0444230A8A8500922486 /* UICollectionView + OrderedCells.swift */,
				50AA0445230A8A8500922486 /* UIWindow + SafeArea.swift */,
			);
			path = UIKit;
			sourceTree = "<group>";
		};
		50AA0450230A8B6400922486 /* Events */ = {
			isa = PBXGroup;
			children = (
				50AA044C230A8B5E00922486 /* EventDetailViewController.xib */,
				50AA044D230A8B5E00922486 /* EventCollectionViewController.swift */,
				50AA044A230A8B5200922486 /* EventDetailViewController.swift */,
			);
			path = Events;
			sourceTree = "<group>";
		};
		50AA0455230A8BBD00922486 /* Shadow */ = {
			isa = PBXGroup;
			children = (
				50AA0451230A8BB900922486 /* ShadowStyle.swift */,
				50AA0452230A8BB900922486 /* UIView + ShadowStyle.swift */,
			);
			path = Shadow;
			sourceTree = "<group>";
		};
		50AA045A230A8C1000922486 /* Cells */ = {
			isa = PBXGroup;
			children = (
				50AA0456230A8C0A00922486 /* EventCollectionViewCell.swift */,
				50AA0457230A8C0A00922486 /* EventCollectionViewCell.xib */,
			);
			path = Cells;
			sourceTree = "<group>";
		};
		50BECB6722CF87DF00146AE6 /* Fonts */ = {
			isa = PBXGroup;
			children = (
				50AA040B230A2EAA00922486 /* Roboto-Bold.ttf */,
				50AA040C230A2EAA00922486 /* Roboto-Regular.ttf */,
				50BECB6A22CF88A400146AE6 /* Nunito-Bold.ttf */,
				50BECB6B22CF88A400146AE6 /* Nunito-Light.ttf */,
				50BECB6922CF88A400146AE6 /* Nunito-Regular.ttf */,
				50BECB6822CF88A400146AE6 /* OpenSans-Regular.ttf */,
			);
			path = Fonts;
			sourceTree = "<group>";
		};
		50F9A8CA22E13A3800A9337E /* SPFakeBar */ = {
			isa = PBXGroup;
			children = (
				50F9A8C722E13A3300A9337E /* SPFakeBarNavigationStyle.swift */,
			);
			path = SPFakeBar;
			sourceTree = "<group>";
		};
		50F9A8CD22E1434400A9337E /* Utils */ = {
			isa = PBXGroup;
			children = (
				508E369522EFF3010007922D /* JoTagView.swift */,
				50F9A8CE22E143B200A9337E /* UIColor+Utils.swift */,
				50F9A8CB22E1433D00A9337E /* Font.swift */,
			);
			path = Utils;
			sourceTree = "<group>";
		};
		E6B7B7527F2151C3FB39AB87 /* Pods */ = {
			isa = PBXGroup;
			children = (
				BC22CE35242F38FEB10C072F /* Pods-Launchtrip.debug.xcconfig */,
				D4823EE0D0A3C8148D26A33F /* Pods-Launchtrip.release.xcconfig */,
				DB760985432489667465E3AC /* Pods-LaunchtripTests.debug.xcconfig */,
				95C4C06E2B94CECC1F9B1AB4 /* Pods-LaunchtripTests.release.xcconfig */,
				60A2561B1FB4BD4E2DD37CF1 /* Pods-LaunchtripUITests.debug.xcconfig */,
				F1A64C5D914E6FDDED102052 /* Pods-LaunchtripUITests.release.xcconfig */,
			);
			path = Pods;
			sourceTree = "<group>";
		};
		F773FB08D102CDC2E23B6005 /* Frameworks */ = {
			isa = PBXGroup;
			children = (
				A0E26788E4617140D065003B /* Pods_Launchtrip.framework */,
				E221B3776706C9313D07D527 /* Pods_LaunchtripTests.framework */,
				B448EE84DDEA6713937F4F90 /* Pods_LaunchtripUITests.framework */,
			);
			name = Frameworks;
			sourceTree = "<group>";
		};
/* End PBXGroup section */

/* Begin PBXNativeTarget section */
		5040ACD022C3E975000F73E4 /* Launchtrip */ = {
			isa = PBXNativeTarget;
			buildConfigurationList = 5040ACF922C3E977000F73E4 /* Build configuration list for PBXNativeTarget "Launchtrip" */;
			buildPhases = (
				0C2FE4CE14AC84A0774FBDB3 /* [CP] Check Pods Manifest.lock */,
				5040ACCD22C3E975000F73E4 /* Sources */,
				5040ACCE22C3E975000F73E4 /* Frameworks */,
				5040ACCF22C3E975000F73E4 /* Resources */,
				DE3B1FCD6F3DD698AEBE228A /* [CP] Embed Pods Frameworks */,
			);
			buildRules = (
			);
			dependencies = (
			);
			name = Launchtrip;
			productName = Launchtrip;
			productReference = 5040ACD122C3E975000F73E4 /* Launchtrip.app */;
			productType = "com.apple.product-type.application";
		};
		5040ACE422C3E977000F73E4 /* LaunchtripTests */ = {
			isa = PBXNativeTarget;
			buildConfigurationList = 5040ACFC22C3E977000F73E4 /* Build configuration list for PBXNativeTarget "LaunchtripTests" */;
			buildPhases = (
				CB6814EAB34D295EC0C41CF4 /* [CP] Check Pods Manifest.lock */,
				5040ACE122C3E977000F73E4 /* Sources */,
				5040ACE222C3E977000F73E4 /* Frameworks */,
				5040ACE322C3E977000F73E4 /* Resources */,
			);
			buildRules = (
			);
			dependencies = (
				5040ACE722C3E977000F73E4 /* PBXTargetDependency */,
			);
			name = LaunchtripTests;
			productName = LaunchtripTests;
			productReference = 5040ACE522C3E977000F73E4 /* LaunchtripTests.xctest */;
			productType = "com.apple.product-type.bundle.unit-test";
		};
		5040ACEF22C3E977000F73E4 /* LaunchtripUITests */ = {
			isa = PBXNativeTarget;
			buildConfigurationList = 5040ACFF22C3E977000F73E4 /* Build configuration list for PBXNativeTarget "LaunchtripUITests" */;
			buildPhases = (
				1D37E8420E37B8EB250CA8A9 /* [CP] Check Pods Manifest.lock */,
				5040ACEC22C3E977000F73E4 /* Sources */,
				5040ACED22C3E977000F73E4 /* Frameworks */,
				5040ACEE22C3E977000F73E4 /* Resources */,
			);
			buildRules = (
			);
			dependencies = (
				5040ACF222C3E977000F73E4 /* PBXTargetDependency */,
			);
			name = LaunchtripUITests;
			productName = LaunchtripUITests;
			productReference = 5040ACF022C3E977000F73E4 /* LaunchtripUITests.xctest */;
			productType = "com.apple.product-type.bundle.ui-testing";
		};
/* End PBXNativeTarget section */

/* Begin PBXProject section */
		5040ACC922C3E975000F73E4 /* Project object */ = {
			isa = PBXProject;
			attributes = {
				LastSwiftUpdateCheck = 1020;
				LastUpgradeCheck = 1020;
				ORGANIZATIONNAME = "Drew Sen";
				TargetAttributes = {
					5040ACD022C3E975000F73E4 = {
						CreatedOnToolsVersion = 10.2.1;
						SystemCapabilities = {
							com.apple.BackgroundModes = {
								enabled = 1;
							};
						};
					};
					5040ACE422C3E977000F73E4 = {
						CreatedOnToolsVersion = 10.2.1;
						TestTargetID = 5040ACD022C3E975000F73E4;
					};
					5040ACEF22C3E977000F73E4 = {
						CreatedOnToolsVersion = 10.2.1;
						TestTargetID = 5040ACD022C3E975000F73E4;
					};
				};
			};
			buildConfigurationList = 5040ACCC22C3E975000F73E4 /* Build configuration list for PBXProject "Launchtrip" */;
			compatibilityVersion = "Xcode 9.3";
			developmentRegion = en;
			hasScannedForEncodings = 0;
			knownRegions = (
				en,
				Base,
			);
			mainGroup = 5040ACC822C3E975000F73E4;
			productRefGroup = 5040ACD222C3E975000F73E4 /* Products */;
			projectDirPath = "";
			projectReferences = (
				{
					ProductGroup = 50472F0B231BB323002F3A59 /* Products */;
					ProjectRef = 50472F0A231BB323002F3A59 /* airbnb-datepicker.xcodeproj */;
				},
				{
					ProductGroup = 50472F05231BB309002F3A59 /* Products */;
					ProjectRef = 50472F04231BB309002F3A59 /* airbnb-occupant-filter.xcodeproj */;
				},
			);
			projectRoot = "";
			targets = (
				5040ACD022C3E975000F73E4 /* Launchtrip */,
				5040ACE422C3E977000F73E4 /* LaunchtripTests */,
				5040ACEF22C3E977000F73E4 /* LaunchtripUITests */,
			);
		};
/* End PBXProject section */

/* Begin PBXReferenceProxy section */
		50472F09231BB309002F3A59 /* AirbnbOccupantFilter.framework */ = {
			isa = PBXReferenceProxy;
			fileType = wrapper.framework;
			path = AirbnbOccupantFilter.framework;
			remoteRef = 50472F08231BB309002F3A59 /* PBXContainerItemProxy */;
			sourceTree = BUILT_PRODUCTS_DIR;
		};
		50472F0F231BB323002F3A59 /* AirbnbDatePicker.framework */ = {
			isa = PBXReferenceProxy;
			fileType = wrapper.framework;
			path = AirbnbDatePicker.framework;
			remoteRef = 50472F0E231BB323002F3A59 /* PBXContainerItemProxy */;
			sourceTree = BUILT_PRODUCTS_DIR;
		};
/* End PBXReferenceProxy section */

/* Begin PBXResourcesBuildPhase section */
		5040ACCF22C3E975000F73E4 /* Resources */ = {
			isa = PBXResourcesBuildPhase;
			buildActionMask = 2147483647;
			files = (
				50BECB6D22CF88A400146AE6 /* Nunito-Regular.ttf in Resources */,
				50AA044E230A8B5E00922486 /* EventDetailViewController.xib in Resources */,
				50AA040E230A2EAA00922486 /* Roboto-Regular.ttf in Resources */,
				50755ABB2315993400DEC380 /* HeaderView.xib in Resources */,
				50AA043A230A85EE00922486 /* CardView.xib in Resources */,
				50BECB6F22CF88A400146AE6 /* Nunito-Light.ttf in Resources */,
				50AA040D230A2EAA00922486 /* Roboto-Bold.ttf in Resources */,
				50F86D8922EBCADF00C7DB54 /* GoogleService-Info.plist in Resources */,
				50755AB62315993400DEC380 /* MenuView.xib in Resources */,
				5040ACDF22C3E977000F73E4 /* LaunchScreen.storyboard in Resources */,
				5040ACDC22C3E977000F73E4 /* Assets.xcassets in Resources */,
				50AEDE2222DCED3200EFF185 /* ExampleQuestions.json in Resources */,
				50AA0459230A8C0A00922486 /* EventCollectionViewCell.xib in Resources */,
				50BECB6C22CF88A400146AE6 /* OpenSans-Regular.ttf in Resources */,
				50BECB6E22CF88A400146AE6 /* Nunito-Bold.ttf in Resources */,
				5040ACDA22C3E975000F73E4 /* Main.storyboard in Resources */,
			);
			runOnlyForDeploymentPostprocessing = 0;
		};
		5040ACE322C3E977000F73E4 /* Resources */ = {
			isa = PBXResourcesBuildPhase;
			buildActionMask = 2147483647;
			files = (
			);
			runOnlyForDeploymentPostprocessing = 0;
		};
		5040ACEE22C3E977000F73E4 /* Resources */ = {
			isa = PBXResourcesBuildPhase;
			buildActionMask = 2147483647;
			files = (
			);
			runOnlyForDeploymentPostprocessing = 0;
		};
/* End PBXResourcesBuildPhase section */

/* Begin PBXShellScriptBuildPhase section */
		0C2FE4CE14AC84A0774FBDB3 /* [CP] Check Pods Manifest.lock */ = {
			isa = PBXShellScriptBuildPhase;
			buildActionMask = 2147483647;
			files = (
			);
			inputFileListPaths = (
			);
			inputPaths = (
				"${PODS_PODFILE_DIR_PATH}/Podfile.lock",
				"${PODS_ROOT}/Manifest.lock",
			);
			name = "[CP] Check Pods Manifest.lock";
			outputFileListPaths = (
			);
			outputPaths = (
				"$(DERIVED_FILE_DIR)/Pods-Launchtrip-checkManifestLockResult.txt",
			);
			runOnlyForDeploymentPostprocessing = 0;
			shellPath = /bin/sh;
			shellScript = "diff \"${PODS_PODFILE_DIR_PATH}/Podfile.lock\" \"${PODS_ROOT}/Manifest.lock\" > /dev/null\nif [ $? != 0 ] ; then\n    # print error to STDERR\n    echo \"error: The sandbox is not in sync with the Podfile.lock. Run 'pod install' or update your CocoaPods installation.\" >&2\n    exit 1\nfi\n# This output is used by Xcode 'outputs' to avoid re-running this script phase.\necho \"SUCCESS\" > \"${SCRIPT_OUTPUT_FILE_0}\"\n";
			showEnvVarsInLog = 0;
		};
		1D37E8420E37B8EB250CA8A9 /* [CP] Check Pods Manifest.lock */ = {
			isa = PBXShellScriptBuildPhase;
			buildActionMask = 2147483647;
			files = (
			);
			inputFileListPaths = (
			);
			inputPaths = (
				"${PODS_PODFILE_DIR_PATH}/Podfile.lock",
				"${PODS_ROOT}/Manifest.lock",
			);
			name = "[CP] Check Pods Manifest.lock";
			outputFileListPaths = (
			);
			outputPaths = (
				"$(DERIVED_FILE_DIR)/Pods-LaunchtripUITests-checkManifestLockResult.txt",
			);
			runOnlyForDeploymentPostprocessing = 0;
			shellPath = /bin/sh;
			shellScript = "diff \"${PODS_PODFILE_DIR_PATH}/Podfile.lock\" \"${PODS_ROOT}/Manifest.lock\" > /dev/null\nif [ $? != 0 ] ; then\n    # print error to STDERR\n    echo \"error: The sandbox is not in sync with the Podfile.lock. Run 'pod install' or update your CocoaPods installation.\" >&2\n    exit 1\nfi\n# This output is used by Xcode 'outputs' to avoid re-running this script phase.\necho \"SUCCESS\" > \"${SCRIPT_OUTPUT_FILE_0}\"\n";
			showEnvVarsInLog = 0;
		};
		CB6814EAB34D295EC0C41CF4 /* [CP] Check Pods Manifest.lock */ = {
			isa = PBXShellScriptBuildPhase;
			buildActionMask = 2147483647;
			files = (
			);
			inputFileListPaths = (
			);
			inputPaths = (
				"${PODS_PODFILE_DIR_PATH}/Podfile.lock",
				"${PODS_ROOT}/Manifest.lock",
			);
			name = "[CP] Check Pods Manifest.lock";
			outputFileListPaths = (
			);
			outputPaths = (
				"$(DERIVED_FILE_DIR)/Pods-LaunchtripTests-checkManifestLockResult.txt",
			);
			runOnlyForDeploymentPostprocessing = 0;
			shellPath = /bin/sh;
			shellScript = "diff \"${PODS_PODFILE_DIR_PATH}/Podfile.lock\" \"${PODS_ROOT}/Manifest.lock\" > /dev/null\nif [ $? != 0 ] ; then\n    # print error to STDERR\n    echo \"error: The sandbox is not in sync with the Podfile.lock. Run 'pod install' or update your CocoaPods installation.\" >&2\n    exit 1\nfi\n# This output is used by Xcode 'outputs' to avoid re-running this script phase.\necho \"SUCCESS\" > \"${SCRIPT_OUTPUT_FILE_0}\"\n";
			showEnvVarsInLog = 0;
		};
		DE3B1FCD6F3DD698AEBE228A /* [CP] Embed Pods Frameworks */ = {
			isa = PBXShellScriptBuildPhase;
			buildActionMask = 2147483647;
			files = (
			);
			inputFileListPaths = (
				"${PODS_ROOT}/Target Support Files/Pods-Launchtrip/Pods-Launchtrip-frameworks-${CONFIGURATION}-input-files.xcfilelist",
			);
			name = "[CP] Embed Pods Frameworks";
			outputFileListPaths = (
				"${PODS_ROOT}/Target Support Files/Pods-Launchtrip/Pods-Launchtrip-frameworks-${CONFIGURATION}-output-files.xcfilelist",
			);
			runOnlyForDeploymentPostprocessing = 0;
			shellPath = /bin/sh;
			shellScript = "\"${PODS_ROOT}/Target Support Files/Pods-Launchtrip/Pods-Launchtrip-frameworks.sh\"\n";
			showEnvVarsInLog = 0;
		};
/* End PBXShellScriptBuildPhase section */

/* Begin PBXSourcesBuildPhase section */
		5040ACCD22C3E975000F73E4 /* Sources */ = {
			isa = PBXSourcesBuildPhase;
			buildActionMask = 2147483647;
			files = (
				50755A7F2310794800DEC380 /* CollectionViewController.swift in Sources */,
				50AA0441230A873F00922486 /* ReusableCells.swift in Sources */,
				50F9A8C922E13A3300A9337E /* SPFakeBarNavigationStyle.swift in Sources */,
				50755AB92315993400DEC380 /* SectionHeaderView.swift in Sources */,
				50472EBA231BB24A002F3A59 /* String.swift in Sources */,
				50AA043C230A85EE00922486 /* CardViewDelegate.swift in Sources */,
				50472EAE231BB24A002F3A59 /* BasePageTabItemView.swift in Sources */,
				50472EA4231BB24A002F3A59 /* AirbnbHomeDetailController.swift in Sources */,
				50AA044B230A8B5200922486 /* EventDetailViewController.swift in Sources */,
				50472EC3231BB24A002F3A59 /* AirbnbIconLabel.swift in Sources */,
				50AA0424230A2F3000922486 /* RippleLayer.swift in Sources */,
				50AA0447230A8A8600922486 /* UICollectionView + OrderedCells.swift in Sources */,
				50472EA5231BB24A002F3A59 /* AirbnbExploreController.swift in Sources */,
				50472EBC231BB24A002F3A59 /* Theme.swift in Sources */,
				50472EBE231BB24A002F3A59 /* AirbnbStar.swift in Sources */,
				50472EB0231BB24A002F3A59 /* AirbnbMapItemCell.swift in Sources */,
				50AA0448230A8A8600922486 /* UIWindow + SafeArea.swift in Sources */,
				50472EBD231BB24A002F3A59 /* AirbnbPageTabNavigationView.swift in Sources */,
				50472EAD231BB24A002F3A59 /* UITabBar.swift in Sources */,
				50F9A8CC22E1433D00A9337E /* Font.swift in Sources */,
				50AA0416230A2ED600922486 /* Searchbar.swift in Sources */,
				50472EAB231BB24A002F3A59 /* AirbnbContentCategory.swift in Sources */,
				508E369622EFF3010007922D /* JoTagView.swift in Sources */,
				50AA040A23063FFE00922486 /* EventSearchViewController.swift in Sources */,
				50AA045E230A931900922486 /* CircularImageView.swift in Sources */,
				50AA0421230A2F3000922486 /* WidgetExtensions.swift in Sources */,
				50101DC022CF8D5600661531 /* Images.swift in Sources */,
				50755A7D230B5C8100DEC380 /* SortViewController.swift in Sources */,
				50472EAC231BB24A002F3A59 /* AirbnbHome.swift in Sources */,
				50472EAF231BB24A002F3A59 /* ImageShrinkAnimationController.swift in Sources */,
				50472EA9231BB24A002F3A59 /* BaseTableController.swift in Sources */,
				508F305722F10264008EDD1C /* DataController.swift in Sources */,
				50472EB2231BB24A002F3A59 /* AirbnbMapController.swift in Sources */,
				50755A842313A55500DEC380 /* String+SwiftyDates.swift in Sources */,
				50AA0413230A2ED600922486 /* Extensions.swift in Sources */,
				50472EBB231BB24A002F3A59 /* UIImage.swift in Sources */,
				50472EC2231BB24A002F3A59 /* AirbnbHomeItemTableCell.swift in Sources */,
				50755ABC2315993400DEC380 /* HeaderView.swift in Sources */,
				50755A7B230B5BA900DEC380 /* SortBy.swift in Sources */,
				50AA0414230A2ED600922486 /* AnimHelper.swift in Sources */,
				50AA0454230A8BB900922486 /* UIView + ShadowStyle.swift in Sources */,
				50472EBF231BB24A002F3A59 /* AirbnbButton.swift in Sources */,
				50755A8123139EF000DEC380 /* URLConstants.swift in Sources */,
				50472EA6231BB24A002F3A59 /* AirbnbMainController.swift in Sources */,
				50755ABA2315993400DEC380 /* PlayerCell.swift in Sources */,
				50755A942315986F00DEC380 /* CustomLayoutSettings.swift in Sources */,
				50AA042C230A2FAA00922486 /* MaterialTextField.swift in Sources */,
				50755AB82315993400DEC380 /* SectionFooterView.swift in Sources */,
				50AA0458230A8C0A00922486 /* EventCollectionViewCell.swift in Sources */,
				50AA045F230A931900922486 /* iOSIconImageView.swift in Sources */,
				50755A932315986F00DEC380 /* CustomLayoutAttributes.swift in Sources */,
				50472EB9231BB24A002F3A59 /* AirbnbPageTabItem.swift in Sources */,
				50AA0446230A8A8600922486 /* NSLayoutConstraint + Multiplier.swift in Sources */,
				50AA0453230A8BB900922486 /* ShadowStyle.swift in Sources */,
				50AA0415230A2ED600922486 /* SearchResultsView.swift in Sources */,
				50AA0440230A873F00922486 /* NibLoadbleView.swift in Sources */,
				50AA044F230A8B5E00922486 /* EventCollectionViewController.swift in Sources */,
				50AEDE2822DCF86A00EFF185 /* OnboardingViewController.swift in Sources */,
				50AA0425230A2F3000922486 /* MaterialTableViewCell.swift in Sources */,
				50472EC1231BB24A002F3A59 /* AirbnbExploreHeaderView.swift in Sources */,
				50472EB7231BB24A002F3A59 /* AirbnbExploreHomeController.swift in Sources */,
				50AA0431230A310A00922486 /* ResManager.swift in Sources */,
				50472EB3231BB24A002F3A59 /* AirbnbHomeItemCell.swift in Sources */,
				50472EB4231BB24A002F3A59 /* AirbnbContentThumbnail.swift in Sources */,
				508F305522F10038008EDD1C /* UserDataModel.xcdatamodeld in Sources */,
				50472EB8231BB24A002F3A59 /* AirbnbExploreFeedController.swift in Sources */,
				50755ABF23159E0400DEC380 /* MockDataManager.swift in Sources */,
				50472EAA231BB24A002F3A59 /* UIColor.swift in Sources */,
				50472EC0231BB24A002F3A59 /* AirbnbCategoryTableCell.swift in Sources */,
				50AA042D230A2FAA00922486 /* MaterialButton.swift in Sources */,
				50472EA7231BB24A002F3A59 /* BaseCollectionCell.swift in Sources */,
				50755A922315986F00DEC380 /* CustomLayout.swift in Sources */,
				50472EB1231BB24A002F3A59 /* VerticalAlignLabel.swift in Sources */,
				5040ACD522C3E975000F73E4 /* AppDelegate.swift in Sources */,
				50755AB72315993400DEC380 /* MenuView.swift in Sources */,
				50F9A8CF22E143B200A9337E /* UIColor+Utils.swift in Sources */,
				50AA043B230A85EE00922486 /* CardView.swift in Sources */,
				50AA0426230A2F3000922486 /* MaterialLoadingIndicator.swift in Sources */,
				50472EB6231BB24A002F3A59 /* ImageExpandAnimationController.swift in Sources */,
				50472EB5231BB24A002F3A59 /* BaseTableCell.swift in Sources */,
				50472EA8231BB24A002F3A59 /* AirbnbReview.swift in Sources */,
				50AA0460230A931900922486 /* RoundCornersButton.swift in Sources */,
			);
			runOnlyForDeploymentPostprocessing = 0;
		};
		5040ACE122C3E977000F73E4 /* Sources */ = {
			isa = PBXSourcesBuildPhase;
			buildActionMask = 2147483647;
			files = (
				5040ACEA22C3E977000F73E4 /* LaunchtripTests.swift in Sources */,
			);
			runOnlyForDeploymentPostprocessing = 0;
		};
		5040ACEC22C3E977000F73E4 /* Sources */ = {
			isa = PBXSourcesBuildPhase;
			buildActionMask = 2147483647;
			files = (
				5040ACF522C3E977000F73E4 /* LaunchtripUITests.swift in Sources */,
			);
			runOnlyForDeploymentPostprocessing = 0;
		};
/* End PBXSourcesBuildPhase section */

/* Begin PBXTargetDependency section */
		5040ACE722C3E977000F73E4 /* PBXTargetDependency */ = {
			isa = PBXTargetDependency;
			target = 5040ACD022C3E975000F73E4 /* Launchtrip */;
			targetProxy = 5040ACE622C3E977000F73E4 /* PBXContainerItemProxy */;
		};
		5040ACF222C3E977000F73E4 /* PBXTargetDependency */ = {
			isa = PBXTargetDependency;
			target = 5040ACD022C3E975000F73E4 /* Launchtrip */;
			targetProxy = 5040ACF122C3E977000F73E4 /* PBXContainerItemProxy */;
		};
/* End PBXTargetDependency section */

/* Begin PBXVariantGroup section */
		5040ACD822C3E975000F73E4 /* Main.storyboard */ = {
			isa = PBXVariantGroup;
			children = (
				5040ACD922C3E975000F73E4 /* Base */,
			);
			name = Main.storyboard;
			sourceTree = "<group>";
		};
		5040ACDD22C3E977000F73E4 /* LaunchScreen.storyboard */ = {
			isa = PBXVariantGroup;
			children = (
				5040ACDE22C3E977000F73E4 /* Base */,
			);
			name = LaunchScreen.storyboard;
			sourceTree = "<group>";
		};
/* End PBXVariantGroup section */

/* Begin XCBuildConfiguration section */
		5040ACF722C3E977000F73E4 /* Debug */ = {
			isa = XCBuildConfiguration;
			buildSettings = {
				ALWAYS_SEARCH_USER_PATHS = NO;
				CLANG_ANALYZER_NONNULL = YES;
				CLANG_ANALYZER_NUMBER_OBJECT_CONVERSION = YES_AGGRESSIVE;
				CLANG_CXX_LANGUAGE_STANDARD = "gnu++14";
				CLANG_CXX_LIBRARY = "libc++";
				CLANG_ENABLE_MODULES = YES;
				CLANG_ENABLE_OBJC_ARC = YES;
				CLANG_ENABLE_OBJC_WEAK = YES;
				CLANG_WARN_BLOCK_CAPTURE_AUTORELEASING = YES;
				CLANG_WARN_BOOL_CONVERSION = YES;
				CLANG_WARN_COMMA = YES;
				CLANG_WARN_CONSTANT_CONVERSION = YES;
				CLANG_WARN_DEPRECATED_OBJC_IMPLEMENTATIONS = YES;
				CLANG_WARN_DIRECT_OBJC_ISA_USAGE = YES_ERROR;
				CLANG_WARN_DOCUMENTATION_COMMENTS = YES;
				CLANG_WARN_EMPTY_BODY = YES;
				CLANG_WARN_ENUM_CONVERSION = YES;
				CLANG_WARN_INFINITE_RECURSION = YES;
				CLANG_WARN_INT_CONVERSION = YES;
				CLANG_WARN_NON_LITERAL_NULL_CONVERSION = YES;
				CLANG_WARN_OBJC_IMPLICIT_RETAIN_SELF = YES;
				CLANG_WARN_OBJC_LITERAL_CONVERSION = YES;
				CLANG_WARN_OBJC_ROOT_CLASS = YES_ERROR;
				CLANG_WARN_RANGE_LOOP_ANALYSIS = YES;
				CLANG_WARN_STRICT_PROTOTYPES = YES;
				CLANG_WARN_SUSPICIOUS_MOVE = YES;
				CLANG_WARN_UNGUARDED_AVAILABILITY = YES_AGGRESSIVE;
				CLANG_WARN_UNREACHABLE_CODE = YES;
				CLANG_WARN__DUPLICATE_METHOD_MATCH = YES;
				CODE_SIGN_IDENTITY = "iPhone Developer";
				COPY_PHASE_STRIP = NO;
				DEBUG_INFORMATION_FORMAT = dwarf;
				ENABLE_STRICT_OBJC_MSGSEND = YES;
				ENABLE_TESTABILITY = YES;
				GCC_C_LANGUAGE_STANDARD = gnu11;
				GCC_DYNAMIC_NO_PIC = NO;
				GCC_NO_COMMON_BLOCKS = YES;
				GCC_OPTIMIZATION_LEVEL = 0;
				GCC_PREPROCESSOR_DEFINITIONS = (
					"DEBUG=1",
					"$(inherited)",
				);
				GCC_WARN_64_TO_32_BIT_CONVERSION = YES;
				GCC_WARN_ABOUT_RETURN_TYPE = YES_ERROR;
				GCC_WARN_UNDECLARED_SELECTOR = YES;
				GCC_WARN_UNINITIALIZED_AUTOS = YES_AGGRESSIVE;
				GCC_WARN_UNUSED_FUNCTION = YES;
				GCC_WARN_UNUSED_VARIABLE = YES;
				IPHONEOS_DEPLOYMENT_TARGET = 12.2;
				MTL_ENABLE_DEBUG_INFO = INCLUDE_SOURCE;
				MTL_FAST_MATH = YES;
				ONLY_ACTIVE_ARCH = YES;
				SDKROOT = iphoneos;
				SWIFT_ACTIVE_COMPILATION_CONDITIONS = DEBUG;
				SWIFT_OPTIMIZATION_LEVEL = "-Onone";
			};
			name = Debug;
		};
		5040ACF822C3E977000F73E4 /* Release */ = {
			isa = XCBuildConfiguration;
			buildSettings = {
				ALWAYS_SEARCH_USER_PATHS = NO;
				CLANG_ANALYZER_NONNULL = YES;
				CLANG_ANALYZER_NUMBER_OBJECT_CONVERSION = YES_AGGRESSIVE;
				CLANG_CXX_LANGUAGE_STANDARD = "gnu++14";
				CLANG_CXX_LIBRARY = "libc++";
				CLANG_ENABLE_MODULES = YES;
				CLANG_ENABLE_OBJC_ARC = YES;
				CLANG_ENABLE_OBJC_WEAK = YES;
				CLANG_WARN_BLOCK_CAPTURE_AUTORELEASING = YES;
				CLANG_WARN_BOOL_CONVERSION = YES;
				CLANG_WARN_COMMA = YES;
				CLANG_WARN_CONSTANT_CONVERSION = YES;
				CLANG_WARN_DEPRECATED_OBJC_IMPLEMENTATIONS = YES;
				CLANG_WARN_DIRECT_OBJC_ISA_USAGE = YES_ERROR;
				CLANG_WARN_DOCUMENTATION_COMMENTS = YES;
				CLANG_WARN_EMPTY_BODY = YES;
				CLANG_WARN_ENUM_CONVERSION = YES;
				CLANG_WARN_INFINITE_RECURSION = YES;
				CLANG_WARN_INT_CONVERSION = YES;
				CLANG_WARN_NON_LITERAL_NULL_CONVERSION = YES;
				CLANG_WARN_OBJC_IMPLICIT_RETAIN_SELF = YES;
				CLANG_WARN_OBJC_LITERAL_CONVERSION = YES;
				CLANG_WARN_OBJC_ROOT_CLASS = YES_ERROR;
				CLANG_WARN_RANGE_LOOP_ANALYSIS = YES;
				CLANG_WARN_STRICT_PROTOTYPES = YES;
				CLANG_WARN_SUSPICIOUS_MOVE = YES;
				CLANG_WARN_UNGUARDED_AVAILABILITY = YES_AGGRESSIVE;
				CLANG_WARN_UNREACHABLE_CODE = YES;
				CLANG_WARN__DUPLICATE_METHOD_MATCH = YES;
				CODE_SIGN_IDENTITY = "iPhone Developer";
				COPY_PHASE_STRIP = NO;
				DEBUG_INFORMATION_FORMAT = "dwarf-with-dsym";
				ENABLE_NS_ASSERTIONS = NO;
				ENABLE_STRICT_OBJC_MSGSEND = YES;
				GCC_C_LANGUAGE_STANDARD = gnu11;
				GCC_NO_COMMON_BLOCKS = YES;
				GCC_WARN_64_TO_32_BIT_CONVERSION = YES;
				GCC_WARN_ABOUT_RETURN_TYPE = YES_ERROR;
				GCC_WARN_UNDECLARED_SELECTOR = YES;
				GCC_WARN_UNINITIALIZED_AUTOS = YES_AGGRESSIVE;
				GCC_WARN_UNUSED_FUNCTION = YES;
				GCC_WARN_UNUSED_VARIABLE = YES;
				IPHONEOS_DEPLOYMENT_TARGET = 12.2;
				MTL_ENABLE_DEBUG_INFO = NO;
				MTL_FAST_MATH = YES;
				SDKROOT = iphoneos;
				SWIFT_COMPILATION_MODE = wholemodule;
				SWIFT_OPTIMIZATION_LEVEL = "-O";
				VALIDATE_PRODUCT = YES;
			};
			name = Release;
		};
		5040ACFA22C3E977000F73E4 /* Debug */ = {
			isa = XCBuildConfiguration;
			baseConfigurationReference = BC22CE35242F38FEB10C072F /* Pods-Launchtrip.debug.xcconfig */;
			buildSettings = {
				ASSETCATALOG_COMPILER_APPICON_NAME = AppIcon;
				CODE_SIGN_STYLE = Automatic;
				DEVELOPMENT_TEAM = 3W23KQK89K;
				INFOPLIST_FILE = Launchtrip/Info.plist;
				LD_RUNPATH_SEARCH_PATHS = (
					"$(inherited)",
					"@executable_path/Frameworks",
				);
				PRODUCT_BUNDLE_IDENTIFIER = com.launchtrip.launchtrip;
				PRODUCT_NAME = "$(TARGET_NAME)";
				SWIFT_VERSION = 5.0;
				TARGETED_DEVICE_FAMILY = "1,2";
			};
			name = Debug;
		};
		5040ACFB22C3E977000F73E4 /* Release */ = {
			isa = XCBuildConfiguration;
			baseConfigurationReference = D4823EE0D0A3C8148D26A33F /* Pods-Launchtrip.release.xcconfig */;
			buildSettings = {
				ASSETCATALOG_COMPILER_APPICON_NAME = AppIcon;
				CODE_SIGN_STYLE = Automatic;
				DEVELOPMENT_TEAM = 3W23KQK89K;
				INFOPLIST_FILE = Launchtrip/Info.plist;
				LD_RUNPATH_SEARCH_PATHS = (
					"$(inherited)",
					"@executable_path/Frameworks",
				);
				PRODUCT_BUNDLE_IDENTIFIER = com.launchtrip.launchtrip;
				PRODUCT_NAME = "$(TARGET_NAME)";
				SWIFT_VERSION = 5.0;
				TARGETED_DEVICE_FAMILY = "1,2";
			};
			name = Release;
		};
		5040ACFD22C3E977000F73E4 /* Debug */ = {
			isa = XCBuildConfiguration;
			baseConfigurationReference = DB760985432489667465E3AC /* Pods-LaunchtripTests.debug.xcconfig */;
			buildSettings = {
				ALWAYS_EMBED_SWIFT_STANDARD_LIBRARIES = YES;
				BUNDLE_LOADER = "$(TEST_HOST)";
				CODE_SIGN_STYLE = Automatic;
				DEVELOPMENT_TEAM = 5JKDH6G9FS;
				INFOPLIST_FILE = LaunchtripTests/Info.plist;
				LD_RUNPATH_SEARCH_PATHS = (
					"$(inherited)",
					"@executable_path/Frameworks",
					"@loader_path/Frameworks",
				);
				PRODUCT_BUNDLE_IDENTIFIER = com.Launchtrip.LaunchtripTests;
				PRODUCT_NAME = "$(TARGET_NAME)";
				SWIFT_VERSION = 5.0;
				TARGETED_DEVICE_FAMILY = "1,2";
				TEST_HOST = "$(BUILT_PRODUCTS_DIR)/Launchtrip.app/Launchtrip";
			};
			name = Debug;
		};
		5040ACFE22C3E977000F73E4 /* Release */ = {
			isa = XCBuildConfiguration;
			baseConfigurationReference = 95C4C06E2B94CECC1F9B1AB4 /* Pods-LaunchtripTests.release.xcconfig */;
			buildSettings = {
				ALWAYS_EMBED_SWIFT_STANDARD_LIBRARIES = YES;
				BUNDLE_LOADER = "$(TEST_HOST)";
				CODE_SIGN_STYLE = Automatic;
				DEVELOPMENT_TEAM = 5JKDH6G9FS;
				INFOPLIST_FILE = LaunchtripTests/Info.plist;
				LD_RUNPATH_SEARCH_PATHS = (
					"$(inherited)",
					"@executable_path/Frameworks",
					"@loader_path/Frameworks",
				);
				PRODUCT_BUNDLE_IDENTIFIER = com.Launchtrip.LaunchtripTests;
				PRODUCT_NAME = "$(TARGET_NAME)";
				SWIFT_VERSION = 5.0;
				TARGETED_DEVICE_FAMILY = "1,2";
				TEST_HOST = "$(BUILT_PRODUCTS_DIR)/Launchtrip.app/Launchtrip";
			};
			name = Release;
		};
		5040AD0022C3E977000F73E4 /* Debug */ = {
			isa = XCBuildConfiguration;
			baseConfigurationReference = 60A2561B1FB4BD4E2DD37CF1 /* Pods-LaunchtripUITests.debug.xcconfig */;
			buildSettings = {
				ALWAYS_EMBED_SWIFT_STANDARD_LIBRARIES = YES;
				CODE_SIGN_STYLE = Automatic;
				DEVELOPMENT_TEAM = 5JKDH6G9FS;
				INFOPLIST_FILE = LaunchtripUITests/Info.plist;
				LD_RUNPATH_SEARCH_PATHS = (
					"$(inherited)",
					"@executable_path/Frameworks",
					"@loader_path/Frameworks",
				);
				PRODUCT_BUNDLE_IDENTIFIER = com.Launchtrip.LaunchtripUITests;
				PRODUCT_NAME = "$(TARGET_NAME)";
				SWIFT_VERSION = 5.0;
				TARGETED_DEVICE_FAMILY = "1,2";
				TEST_TARGET_NAME = Launchtrip;
			};
			name = Debug;
		};
		5040AD0122C3E977000F73E4 /* Release */ = {
			isa = XCBuildConfiguration;
			baseConfigurationReference = F1A64C5D914E6FDDED102052 /* Pods-LaunchtripUITests.release.xcconfig */;
			buildSettings = {
				ALWAYS_EMBED_SWIFT_STANDARD_LIBRARIES = YES;
				CODE_SIGN_STYLE = Automatic;
				DEVELOPMENT_TEAM = 5JKDH6G9FS;
				INFOPLIST_FILE = LaunchtripUITests/Info.plist;
				LD_RUNPATH_SEARCH_PATHS = (
					"$(inherited)",
					"@executable_path/Frameworks",
					"@loader_path/Frameworks",
				);
				PRODUCT_BUNDLE_IDENTIFIER = com.Launchtrip.LaunchtripUITests;
				PRODUCT_NAME = "$(TARGET_NAME)";
				SWIFT_VERSION = 5.0;
				TARGETED_DEVICE_FAMILY = "1,2";
				TEST_TARGET_NAME = Launchtrip;
			};
			name = Release;
		};
/* End XCBuildConfiguration section */

/* Begin XCConfigurationList section */
		5040ACCC22C3E975000F73E4 /* Build configuration list for PBXProject "Launchtrip" */ = {
			isa = XCConfigurationList;
			buildConfigurations = (
				5040ACF722C3E977000F73E4 /* Debug */,
				5040ACF822C3E977000F73E4 /* Release */,
			);
			defaultConfigurationIsVisible = 0;
			defaultConfigurationName = Release;
		};
		5040ACF922C3E977000F73E4 /* Build configuration list for PBXNativeTarget "Launchtrip" */ = {
			isa = XCConfigurationList;
			buildConfigurations = (
				5040ACFA22C3E977000F73E4 /* Debug */,
				5040ACFB22C3E977000F73E4 /* Release */,
			);
			defaultConfigurationIsVisible = 0;
			defaultConfigurationName = Release;
		};
		5040ACFC22C3E977000F73E4 /* Build configuration list for PBXNativeTarget "LaunchtripTests" */ = {
			isa = XCConfigurationList;
			buildConfigurations = (
				5040ACFD22C3E977000F73E4 /* Debug */,
				5040ACFE22C3E977000F73E4 /* Release */,
			);
			defaultConfigurationIsVisible = 0;
			defaultConfigurationName = Release;
		};
		5040ACFF22C3E977000F73E4 /* Build configuration list for PBXNativeTarget "LaunchtripUITests" */ = {
			isa = XCConfigurationList;
			buildConfigurations = (
				5040AD0022C3E977000F73E4 /* Debug */,
				5040AD0122C3E977000F73E4 /* Release */,
			);
			defaultConfigurationIsVisible = 0;
			defaultConfigurationName = Release;
		};
/* End XCConfigurationList section */

/* Begin XCVersionGroup section */
		508F305322F10038008EDD1C /* UserDataModel.xcdatamodeld */ = {
			isa = XCVersionGroup;
			children = (
				508F305422F10038008EDD1C /* User.xcdatamodel */,
			);
			currentVersion = 508F305422F10038008EDD1C /* User.xcdatamodel */;
			path = UserDataModel.xcdatamodeld;
			sourceTree = "<group>";
			versionGroupType = wrapper.xcdatamodel;
		};
/* End XCVersionGroup section */
	};
	rootObject = 5040ACC922C3E975000F73E4 /* Project object */;
}
